// !$*UTF8*$!
{
	archiveVersion = 1;
	classes = {
	};
	objectVersion = 46;
	objects = {

/* Begin PBXBuildFile section */
		1A857AFED39822D6A67B9E32 /* HomeView.swift in Sources */ = {isa = PBXBuildFile; fileRef = 9330F5B09B39FCA2D1562B1A /* HomeView.swift */; };
		272A15AA1677F244ED517CD4 /* PlayerView.swift in Sources */ = {isa = PBXBuildFile; fileRef = 4E2E4189B94831B445572E78 /* PlayerView.swift */; };
		323A1DBA1BDD95B6EEC08416 /* StreamulusApp.swift in Sources */ = {isa = PBXBuildFile; fileRef = B1B9CE931F983D239A6C6A97 /* StreamulusApp.swift */; };
		3968D448D3A24741A94533D2 /* SignInViews.swift in Sources */ = {isa = PBXBuildFile; fileRef = 42D9D2D1D6321F71A7479A26 /* SignInViews.swift */; };
		4651E891052888F0251FE15D /* GenreViews.swift in Sources */ = {isa = PBXBuildFile; fileRef = F8CE8900AB588839C954D4CA /* GenreViews.swift */; };
		46AB46AFD9BCCDAE992F6D21 /* Models.swift in Sources */ = {isa = PBXBuildFile; fileRef = E855F2068734FA339F00BE29 /* Models.swift */; };
		4BC0EE2A686C952E77299402 /* PlayerParts.swift in Sources */ = {isa = PBXBuildFile; fileRef = 8F5814249E8E6640F489450E /* PlayerParts.swift */; };
		61F1B9F8E9D3FAC3EAF2DD82 /* Keychain.swift in Sources */ = {isa = PBXBuildFile; fileRef = 8F7120A4CF96D54546C8BBEA /* Keychain.swift */; };
		67575510C056568CE24D8678 /* Session.swift in Sources */ = {isa = PBXBuildFile; fileRef = 27814A8E387216A179EF03CD /* Session.swift */; };
		73B7155D7F2C443B9C4F92AC /* Branding.swift in Sources */ = {isa = PBXBuildFile; fileRef = 8B3B94669A0ED6557B57E0D0 /* Branding.swift */; };
		7EECBFCC412292270B524AF4 /* AnimatedImage.swift in Sources */ = {isa = PBXBuildFile; fileRef = 46D0454FD51681F23C96B209 /* AnimatedImage.swift */; };
		87B7CD4856C8F4DBB63F1810 /* MainTabView.swift in Sources */ = {isa = PBXBuildFile; fileRef = DE5F772F43CD5D2E50BC4087 /* MainTabView.swift */; };
		A425400C27DF431C90F9D41F /* LibraryViews.swift in Sources */ = {isa = PBXBuildFile; fileRef = 10747CF8A5276F36F56BF006 /* LibraryViews.swift */; };
		BD5AE7FFEA56A3DEDDE159A8 /* APIClient.swift in Sources */ = {isa = PBXBuildFile; fileRef = 043E180A044D369B9EC7008C /* APIClient.swift */; };
		BFA2DA718F7DEC41FC317162 /* Assets.xcassets in Resources */ = {isa = PBXBuildFile; fileRef = E81FD8AE2BE6765E76FB59BC /* Assets.xcassets */; };
		C117B1118EB930126A533EF4 /* Formatting.swift in Sources */ = {isa = PBXBuildFile; fileRef = FBA687567311A975BF2232D0 /* Formatting.swift */; };
		C1E82A3D04FB1CE13E146B9B /* DetailViews.swift in Sources */ = {isa = PBXBuildFile; fileRef = 0C5DAF4B01007CA222228162 /* DetailViews.swift */; };
		C27EA15C80A2A3E586E037D4 /* Components.swift in Sources */ = {isa = PBXBuildFile; fileRef = 86BD2C546268C0356E4EED85 /* Components.swift */; };
		CFE4DA9F9F2FAEE25C1FB01E /* AccountView.swift in Sources */ = {isa = PBXBuildFile; fileRef = 502A68FA6D663475C62F6B60 /* AccountView.swift */; };
		FD9AC9CA05F3C8B523033C52 /* PlaybackController.swift in Sources */ = {isa = PBXBuildFile; fileRef = B09E51D09A6C6EB8D34B61C4 /* PlaybackController.swift */; };
/* End PBXBuildFile section */

/* Begin PBXFileReference section */
		043E180A044D369B9EC7008C /* APIClient.swift */ = {isa = PBXFileReference; includeInIndex = 1; lastKnownFileType = sourcecode.swift; path = APIClient.swift; sourceTree = "<group>"; };
		0C5DAF4B01007CA222228162 /* DetailViews.swift */ = {isa = PBXFileReference; includeInIndex = 1; lastKnownFileType = sourcecode.swift; path = DetailViews.swift; sourceTree = "<group>"; };
		10747CF8A5276F36F56BF006 /* LibraryViews.swift */ = {isa = PBXFileReference; includeInIndex = 1; lastKnownFileType = sourcecode.swift; path = LibraryViews.swift; sourceTree = "<group>"; };
		27814A8E387216A179EF03CD /* Session.swift */ = {isa = PBXFileReference; includeInIndex = 1; lastKnownFileType = sourcecode.swift; path = Session.swift; sourceTree = "<group>"; };
		42D9D2D1D6321F71A7479A26 /* SignInViews.swift */ = {isa = PBXFileReference; includeInIndex = 1; lastKnownFileType = sourcecode.swift; path = SignInViews.swift; sourceTree = "<group>"; };
		46D0454FD51681F23C96B209 /* AnimatedImage.swift */ = {isa = PBXFileReference; includeInIndex = 1; lastKnownFileType = sourcecode.swift; path = AnimatedImage.swift; sourceTree = "<group>"; };
		4E2E4189B94831B445572E78 /* PlayerView.swift */ = {isa = PBXFileReference; includeInIndex = 1; lastKnownFileType = sourcecode.swift; path = PlayerView.swift; sourceTree = "<group>"; };
		502A68FA6D663475C62F6B60 /* AccountView.swift */ = {isa = PBXFileReference; includeInIndex = 1; lastKnownFileType = sourcecode.swift; path = AccountView.swift; sourceTree = "<group>"; };
		646D4AB0D9C56CFE611CE2D6 /* Streamulus.app */ = {isa = PBXFileReference; explicitFileType = wrapper.application; includeInIndex = 0; path = Streamulus.app; sourceTree = BUILT_PRODUCTS_DIR; };
		86BD2C546268C0356E4EED85 /* Components.swift */ = {isa = PBXFileReference; includeInIndex = 1; lastKnownFileType = sourcecode.swift; path = Components.swift; sourceTree = "<group>"; };
		8B3B94669A0ED6557B57E0D0 /* Branding.swift */ = {isa = PBXFileReference; includeInIndex = 1; lastKnownFileType = sourcecode.swift; path = Branding.swift; sourceTree = "<group>"; };
		8F5814249E8E6640F489450E /* PlayerParts.swift */ = {isa = PBXFileReference; includeInIndex = 1; lastKnownFileType = sourcecode.swift; path = PlayerParts.swift; sourceTree = "<group>"; };
		8F7120A4CF96D54546C8BBEA /* Keychain.swift */ = {isa = PBXFileReference; includeInIndex = 1; lastKnownFileType = sourcecode.swift; path = Keychain.swift; sourceTree = "<group>"; };
		9330F5B09B39FCA2D1562B1A /* HomeView.swift */ = {isa = PBXFileReference; includeInIndex = 1; lastKnownFileType = sourcecode.swift; path = HomeView.swift; sourceTree = "<group>"; };
		B09E51D09A6C6EB8D34B61C4 /* PlaybackController.swift */ = {isa = PBXFileReference; includeInIndex = 1; lastKnownFileType = sourcecode.swift; path = PlaybackController.swift; sourceTree = "<group>"; };
		B1B9CE931F983D239A6C6A97 /* StreamulusApp.swift */ = {isa = PBXFileReference; includeInIndex = 1; lastKnownFileType = sourcecode.swift; path = StreamulusApp.swift; sourceTree = "<group>"; };
		DE5F772F43CD5D2E50BC4087 /* MainTabView.swift */ = {isa = PBXFileReference; includeInIndex = 1; lastKnownFileType = sourcecode.swift; path = MainTabView.swift; sourceTree = "<group>"; };
		E81FD8AE2BE6765E76FB59BC /* Assets.xcassets */ = {isa = PBXFileReference; includeInIndex = 1; lastKnownFileType = folder.assetcatalog; path = Assets.xcassets; sourceTree = "<group>"; };
		E855F2068734FA339F00BE29 /* Models.swift */ = {isa = PBXFileReference; includeInIndex = 1; lastKnownFileType = sourcecode.swift; path = Models.swift; sourceTree = "<group>"; };
		F3D0E7893C7A164F108BBC48 /* Info.plist */ = {isa = PBXFileReference; includeInIndex = 1; lastKnownFileType = text.plist.xml; path = Info.plist; sourceTree = "<group>"; };
		F8CE8900AB588839C954D4CA /* GenreViews.swift */ = {isa = PBXFileReference; includeInIndex = 1; lastKnownFileType = sourcecode.swift; path = GenreViews.swift; sourceTree = "<group>"; };
		FBA687567311A975BF2232D0 /* Formatting.swift */ = {isa = PBXFileReference; includeInIndex = 1; lastKnownFileType = sourcecode.swift; path = Formatting.swift; sourceTree = "<group>"; };
/* End PBXFileReference section */

/* Begin PBXFrameworksBuildPhase section */
		CFFFE39E5BB04D66DDA53922 /* Frameworks */ = {
			isa = PBXFrameworksBuildPhase;
			buildActionMask = 2147483647;
			files = (
			);
			runOnlyForDeploymentPostprocessing = 0;
		};
/* End PBXFrameworksBuildPhase section */

/* Begin PBXGroup section */
		3E1269FACC2B13F303B0EBD3 /* Frameworks */ = {
			isa = PBXGroup;
			children = (
				D061A75A942BD7A7190AFB29 /* iOS */,
			);
			name = Frameworks;
			sourceTree = "<group>";
		};
		5E4191B76B6AE58FF462035A /* App */ = {
			isa = PBXGroup;
			children = (
				B1B9CE931F983D239A6C6A97 /* StreamulusApp.swift */,
			);
			name = App;
			path = App;
			sourceTree = "<group>";
		};
		6A1FD0094D5C09A298A1803F /* Products */ = {
			isa = PBXGroup;
			children = (
				646D4AB0D9C56CFE611CE2D6 /* Streamulus.app */,
			);
			name = Products;
			sourceTree = "<group>";
		};
		72CEBEB39724C6D99AF9E1B3 /* Streamulus */ = {
			isa = PBXGroup;
			children = (
				5E4191B76B6AE58FF462035A /* App */,
				E81FD8AE2BE6765E76FB59BC /* Assets.xcassets */,
				F3D0E7893C7A164F108BBC48 /* Info.plist */,
				C91A63F5DC58DBF0847D1486 /* Player */,
				E0784B230FE077401A76C8BE /* Shared */,
				F43A80D5D7DCFE24A55458C6 /* Views */,
			);
			name = Streamulus;
			path = Streamulus;
			sourceTree = "<group>";
		};
		76E08EDC0FF68F4CE2021CEE = {
			isa = PBXGroup;
			children = (
				6A1FD0094D5C09A298A1803F /* Products */,
				3E1269FACC2B13F303B0EBD3 /* Frameworks */,
				72CEBEB39724C6D99AF9E1B3 /* Streamulus */,
			);
			sourceTree = "<group>";
		};
		C91A63F5DC58DBF0847D1486 /* Player */ = {
			isa = PBXGroup;
			children = (
				4E2E4189B94831B445572E78 /* PlayerView.swift */,
			);
			name = Player;
			path = Player;
			sourceTree = "<group>";
		};
		D061A75A942BD7A7190AFB29 /* iOS */ = {
			isa = PBXGroup;
			children = (
			);
			name = iOS;
			sourceTree = "<group>";
		};
		E0784B230FE077401A76C8BE /* Shared */ = {
			isa = PBXGroup;
			children = (
				043E180A044D369B9EC7008C /* APIClient.swift */,
				46D0454FD51681F23C96B209 /* AnimatedImage.swift */,
				8B3B94669A0ED6557B57E0D0 /* Branding.swift */,
				FBA687567311A975BF2232D0 /* Formatting.swift */,
				8F7120A4CF96D54546C8BBEA /* Keychain.swift */,
				E855F2068734FA339F00BE29 /* Models.swift */,
				B09E51D09A6C6EB8D34B61C4 /* PlaybackController.swift */,
				8F5814249E8E6640F489450E /* PlayerParts.swift */,
				27814A8E387216A179EF03CD /* Session.swift */,
			);
			name = Shared;
			path = Shared;
			sourceTree = "<group>";
		};
		F43A80D5D7DCFE24A55458C6 /* Views */ = {
			isa = PBXGroup;
			children = (
				502A68FA6D663475C62F6B60 /* AccountView.swift */,
				86BD2C546268C0356E4EED85 /* Components.swift */,
				0C5DAF4B01007CA222228162 /* DetailViews.swift */,
				F8CE8900AB588839C954D4CA /* GenreViews.swift */,
				9330F5B09B39FCA2D1562B1A /* HomeView.swift */,
				10747CF8A5276F36F56BF006 /* LibraryViews.swift */,
				DE5F772F43CD5D2E50BC4087 /* MainTabView.swift */,
				42D9D2D1D6321F71A7479A26 /* SignInViews.swift */,
			);
			name = Views;
			path = Views;
			sourceTree = "<group>";
		};
/* End PBXGroup section */

/* Begin PBXNativeTarget section */
		F801CBF7F88ECBBF7AD28CE1 /* Streamulus */ = {
			isa = PBXNativeTarget;
			buildConfigurationList = CF4B9837640D94713EFBF222 /* Build configuration list for PBXNativeTarget "Streamulus" */;
			buildPhases = (
				23139E00AAAFD0385F8B75D8 /* Sources */,
				CFFFE39E5BB04D66DDA53922 /* Frameworks */,
				13DFEE2B4DD7AB23D8AA040C /* Resources */,
			);
			buildRules = (
			);
			dependencies = (
			);
			name = Streamulus;
			productName = Streamulus;
			productReference = 646D4AB0D9C56CFE611CE2D6 /* Streamulus.app */;
			productType = "com.apple.product-type.application";
		};
/* End PBXNativeTarget section */

/* Begin PBXProject section */
		C4F36DCED0E7D1BA937B44F8 /* Project object */ = {
			isa = PBXProject;
			attributes = {
				BuildIndependentTargetsInParallel = YES;
				LastSwiftUpdateCheck = 1600;
				LastUpgradeCheck = 2600;
			};
			buildConfigurationList = 252FA2A0805E7244233C39A2 /* Build configuration list for PBXProject "Streamulus-iOS" */;
			compatibilityVersion = "Xcode 3.2";
			developmentRegion = en;
			hasScannedForEncodings = 0;
			knownRegions = (
				en,
				Base,
			);
			mainGroup = 76E08EDC0FF68F4CE2021CEE;
			minimizedProjectReferenceProxies = 0;
			preferredProjectObjectVersion = 100;
			productRefGroup = 6A1FD0094D5C09A298A1803F /* Products */;
			projectDirPath = "";
			projectRoot = "";
			targets = (
				F801CBF7F88ECBBF7AD28CE1 /* Streamulus */,
			);
		};
/* End PBXProject section */

/* Begin PBXResourcesBuildPhase section */
		13DFEE2B4DD7AB23D8AA040C /* Resources */ = {
			isa = PBXResourcesBuildPhase;
			buildActionMask = 2147483647;
			files = (
				BFA2DA718F7DEC41FC317162 /* Assets.xcassets in Resources */,
			);
			runOnlyForDeploymentPostprocessing = 0;
		};
/* End PBXResourcesBuildPhase section */

/* Begin PBXSourcesBuildPhase section */
		23139E00AAAFD0385F8B75D8 /* Sources */ = {
			isa = PBXSourcesBuildPhase;
			buildActionMask = 2147483647;
			files = (
				323A1DBA1BDD95B6EEC08416 /* StreamulusApp.swift in Sources */,
				272A15AA1677F244ED517CD4 /* PlayerView.swift in Sources */,
				BD5AE7FFEA56A3DEDDE159A8 /* APIClient.swift in Sources */,
				7EECBFCC412292270B524AF4 /* AnimatedImage.swift in Sources */,
				73B7155D7F2C443B9C4F92AC /* Branding.swift in Sources */,
				C117B1118EB930126A533EF4 /* Formatting.swift in Sources */,
				61F1B9F8E9D3FAC3EAF2DD82 /* Keychain.swift in Sources */,
				46AB46AFD9BCCDAE992F6D21 /* Models.swift in Sources */,
				FD9AC9CA05F3C8B523033C52 /* PlaybackController.swift in Sources */,
				4BC0EE2A686C952E77299402 /* PlayerParts.swift in Sources */,
				67575510C056568CE24D8678 /* Session.swift in Sources */,
				CFE4DA9F9F2FAEE25C1FB01E /* AccountView.swift in Sources */,
				C27EA15C80A2A3E586E037D4 /* Components.swift in Sources */,
				C1E82A3D04FB1CE13E146B9B /* DetailViews.swift in Sources */,
				4651E891052888F0251FE15D /* GenreViews.swift in Sources */,
				1A857AFED39822D6A67B9E32 /* HomeView.swift in Sources */,
				A425400C27DF431C90F9D41F /* LibraryViews.swift in Sources */,
				87B7CD4856C8F4DBB63F1810 /* MainTabView.swift in Sources */,
				3968D448D3A24741A94533D2 /* SignInViews.swift in Sources */,
			);
			runOnlyForDeploymentPostprocessing = 0;
		};
/* End PBXSourcesBuildPhase section */

/* Begin XCBuildConfiguration section */
		260187D292B461ECAE3F9C8E /* Release */ = {
			isa = XCBuildConfiguration;
			buildSettings = {
				ALWAYS_SEARCH_USER_PATHS = NO;
				CLANG_ANALYZER_NONNULL = YES;
				CLANG_ANALYZER_NUMBER_OBJECT_CONVERSION = YES_AGGRESSIVE;
				CLANG_CXX_LANGUAGE_STANDARD = "gnu++14";
				CLANG_CXX_LIBRARY = "libc++";
				CLANG_ENABLE_MODULES = YES;
				CLANG_ENABLE_OBJC_ARC = YES;
				CLANG_ENABLE_OBJC_WEAK = YES;
				CLANG_WARN_BLOCK_CAPTURE_AUTORELEASING = YES;
				CLANG_WARN_BOOL_CONVERSION = YES;
				CLANG_WARN_COMMA = YES;
				CLANG_WARN_CONSTANT_CONVERSION = YES;
				CLANG_WARN_DEPRECATED_OBJC_IMPLEMENTATIONS = YES;
				CLANG_WARN_DIRECT_OBJC_ISA_USAGE = YES_ERROR;
				CLANG_WARN_DOCUMENTATION_COMMENTS = YES;
				CLANG_WARN_EMPTY_BODY = YES;
				CLANG_WARN_ENUM_CONVERSION = YES;
				CLANG_WARN_INFINITE_RECURSION = YES;
				CLANG_WARN_INT_CONVERSION = YES;
				CLANG_WARN_NON_LITERAL_NULL_CONVERSION = YES;
				CLANG_WARN_OBJC_IMPLICIT_RETAIN_SELF = YES;
				CLANG_WARN_OBJC_LITERAL_CONVERSION = YES;
				CLANG_WARN_OBJC_ROOT_CLASS = YES_ERROR;
				CLANG_WARN_QUOTED_INCLUDE_IN_FRAMEWORK_HEADER = YES;
				CLANG_WARN_RANGE_LOOP_ANALYSIS = YES;
				CLANG_WARN_STRICT_PROTOTYPES = YES;
				CLANG_WARN_SUSPICIOUS_MOVE = YES;
				CLANG_WARN_UNGUARDED_AVAILABILITY = YES_AGGRESSIVE;
				CLANG_WARN_UNREACHABLE_CODE = YES;
				CLANG_WARN__DUPLICATE_METHOD_MATCH = YES;
				COPY_PHASE_STRIP = NO;
				DEBUG_INFORMATION_FORMAT = "dwarf-with-dsym";
				ENABLE_NS_ASSERTIONS = NO;
				ENABLE_STRICT_OBJC_MSGSEND = YES;
				GCC_C_LANGUAGE_STANDARD = gnu11;
				GCC_NO_COMMON_BLOCKS = YES;
				GCC_WARN_64_TO_32_BIT_CONVERSION = YES;
				GCC_WARN_ABOUT_RETURN_TYPE = YES_ERROR;
				GCC_WARN_UNDECLARED_SELECTOR = YES;
				GCC_WARN_UNINITIALIZED_AUTOS = YES_AGGRESSIVE;
				GCC_WARN_UNUSED_FUNCTION = YES;
				GCC_WARN_UNUSED_VARIABLE = YES;
				IPHONEOS_DEPLOYMENT_TARGET = 26.0;
				MTL_ENABLE_DEBUG_INFO = NO;
				MTL_FAST_MATH = YES;
				PRODUCT_NAME = "$(TARGET_NAME)";
				SDKROOT = iphoneos;
				SWIFT_COMPILATION_MODE = wholemodule;
				SWIFT_OPTIMIZATION_LEVEL = "-O";
				SWIFT_VERSION = 5.0;
			};
			name = Release;
		};
		7E372A6BEE17E01DB2D400A9 /* Release */ = {
			isa = XCBuildConfiguration;
			buildSettings = {
				ASSETCATALOG_COMPILER_APPICON_NAME = AppIcon;
				ASSETCATALOG_COMPILER_GLOBAL_ACCENT_COLOR_NAME = AccentColor;
				CLANG_ENABLE_OBJC_WEAK = NO;
				CODE_SIGN_STYLE = Automatic;
				CURRENT_PROJECT_VERSION = 1;
				DEVELOPMENT_TEAM = "";
				ENABLE_PREVIEWS = YES;
				GENERATE_INFOPLIST_FILE = YES;
				INFOPLIST_FILE = Streamulus/Info.plist;
				INFOPLIST_KEY_CFBundleDisplayName = Streamulus;
				INFOPLIST_KEY_UIApplicationSupportsIndirectInputEvents = YES;
				INFOPLIST_KEY_UIUserInterfaceStyle = Dark;
				IPHONEOS_DEPLOYMENT_TARGET = 26.0;
				LD_RUNPATH_SEARCH_PATHS = "$(inherited) @executable_path/Frameworks";
				MARKETING_VERSION = 1.0;
				PRODUCT_BUNDLE_IDENTIFIER = com.streamulus.ios;
				PRODUCT_NAME = "$(TARGET_NAME)";
				SDKROOT = iphoneos;
				SUPPORTS_MACCATALYST = NO;
				SWIFT_EMIT_LOC_STRINGS = YES;
				SWIFT_STRICT_CONCURRENCY = minimal;
				SWIFT_VERSION = 5.0;
				TARGETED_DEVICE_FAMILY = "1,2";
				VALIDATE_PRODUCT = YES;
			};
			name = Release;
		};
		BFC4E9092F3BE3D3B846C492 /* Debug */ = {
			isa = XCBuildConfiguration;
			buildSettings = {
				ALWAYS_SEARCH_USER_PATHS = NO;
				CLANG_ANALYZER_NONNULL = YES;
				CLANG_ANALYZER_NUMBER_OBJECT_CONVERSION = YES_AGGRESSIVE;
				CLANG_CXX_LANGUAGE_STANDARD = "gnu++14";
				CLANG_CXX_LIBRARY = "libc++";
				CLANG_ENABLE_MODULES = YES;
				CLANG_ENABLE_OBJC_ARC = YES;
				CLANG_ENABLE_OBJC_WEAK = YES;
				CLANG_WARN_BLOCK_CAPTURE_AUTORELEASING = YES;
				CLANG_WARN_BOOL_CONVERSION = YES;
				CLANG_WARN_COMMA = YES;
				CLANG_WARN_CONSTANT_CONVERSION = YES;
				CLANG_WARN_DEPRECATED_OBJC_IMPLEMENTATIONS = YES;
				CLANG_WARN_DIRECT_OBJC_ISA_USAGE = YES_ERROR;
				CLANG_WARN_DOCUMENTATION_COMMENTS = YES;
				CLANG_WARN_EMPTY_BODY = YES;
				CLANG_WARN_ENUM_CONVERSION = YES;
				CLANG_WARN_INFINITE_RECURSION = YES;
				CLANG_WARN_INT_CONVERSION = YES;
				CLANG_WARN_NON_LITERAL_NULL_CONVERSION = YES;
				CLANG_WARN_OBJC_IMPLICIT_RETAIN_SELF = YES;
				CLANG_WARN_OBJC_LITERAL_CONVERSION = YES;
				CLANG_WARN_OBJC_ROOT_CLASS = YES_ERROR;
				CLANG_WARN_QUOTED_INCLUDE_IN_FRAMEWORK_HEADER = YES;
				CLANG_WARN_RANGE_LOOP_ANALYSIS = YES;
				CLANG_WARN_STRICT_PROTOTYPES = YES;
				CLANG_WARN_SUSPICIOUS_MOVE = YES;
				CLANG_WARN_UNGUARDED_AVAILABILITY = YES_AGGRESSIVE;
				CLANG_WARN_UNREACHABLE_CODE = YES;
				CLANG_WARN__DUPLICATE_METHOD_MATCH = YES;
				COPY_PHASE_STRIP = NO;
				DEBUG_INFORMATION_FORMAT = dwarf;
				ENABLE_STRICT_OBJC_MSGSEND = YES;
				ENABLE_TESTABILITY = YES;
				GCC_C_LANGUAGE_STANDARD = gnu11;
				GCC_DYNAMIC_NO_PIC = NO;
				GCC_NO_COMMON_BLOCKS = YES;
				GCC_OPTIMIZATION_LEVEL = 0;
				GCC_PREPROCESSOR_DEFINITIONS = (
					"DEBUG=1",
					"$(inherited)",
				);
				GCC_WARN_64_TO_32_BIT_CONVERSION = YES;
				GCC_WARN_ABOUT_RETURN_TYPE = YES_ERROR;
				GCC_WARN_UNDECLARED_SELECTOR = YES;
				GCC_WARN_UNINITIALIZED_AUTOS = YES_AGGRESSIVE;
				GCC_WARN_UNUSED_FUNCTION = YES;
				GCC_WARN_UNUSED_VARIABLE = YES;
				IPHONEOS_DEPLOYMENT_TARGET = 26.0;
				MTL_ENABLE_DEBUG_INFO = INCLUDE_SOURCE;
				MTL_FAST_MATH = YES;
				ONLY_ACTIVE_ARCH = YES;
				PRODUCT_NAME = "$(TARGET_NAME)";
				SDKROOT = iphoneos;
				SWIFT_ACTIVE_COMPILATION_CONDITIONS = DEBUG;
				SWIFT_OPTIMIZATION_LEVEL = "-Onone";
				SWIFT_VERSION = 5.0;
			};
			name = Debug;
		};
		E9FF541737146772F86E27D8 /* Debug */ = {
			isa = XCBuildConfiguration;
			buildSettings = {
				ASSETCATALOG_COMPILER_APPICON_NAME = AppIcon;
				ASSETCATALOG_COMPILER_GLOBAL_ACCENT_COLOR_NAME = AccentColor;
				CLANG_ENABLE_OBJC_WEAK = NO;
				CODE_SIGN_STYLE = Automatic;
				CURRENT_PROJECT_VERSION = 1;
				DEVELOPMENT_TEAM = "";
				ENABLE_PREVIEWS = YES;
				GENERATE_INFOPLIST_FILE = YES;
				INFOPLIST_FILE = Streamulus/Info.plist;
				INFOPLIST_KEY_CFBundleDisplayName = Streamulus;
				INFOPLIST_KEY_UIApplicationSupportsIndirectInputEvents = YES;
				INFOPLIST_KEY_UIUserInterfaceStyle = Dark;
				IPHONEOS_DEPLOYMENT_TARGET = 26.0;
				LD_RUNPATH_SEARCH_PATHS = "$(inherited) @executable_path/Frameworks";
				MARKETING_VERSION = 1.0;
				PRODUCT_BUNDLE_IDENTIFIER = com.streamulus.ios;
				PRODUCT_NAME = "$(TARGET_NAME)";
				SDKROOT = iphoneos;
				SUPPORTS_MACCATALYST = NO;
				SWIFT_EMIT_LOC_STRINGS = YES;
				SWIFT_STRICT_CONCURRENCY = minimal;
				SWIFT_VERSION = 5.0;
				TARGETED_DEVICE_FAMILY = "1,2";
			};
			name = Debug;
		};
/* End XCBuildConfiguration section */

/* Begin XCConfigurationList section */
		252FA2A0805E7244233C39A2 /* Build configuration list for PBXProject "Streamulus-iOS" */ = {
			isa = XCConfigurationList;
			buildConfigurations = (
				BFC4E9092F3BE3D3B846C492 /* Debug */,
				260187D292B461ECAE3F9C8E /* Release */,
			);
			defaultConfigurationIsVisible = 0;
			defaultConfigurationName = Release;
		};
		CF4B9837640D94713EFBF222 /* Build configuration list for PBXNativeTarget "Streamulus" */ = {
			isa = XCConfigurationList;
			buildConfigurations = (
				7E372A6BEE17E01DB2D400A9 /* Release */,
				E9FF541737146772F86E27D8 /* Debug */,
			);
			defaultConfigurationIsVisible = 0;
			defaultConfigurationName = Release;
		};
/* End XCConfigurationList section */
	};
	rootObject = C4F36DCED0E7D1BA937B44F8 /* Project object */;
}
