// !$*UTF8*$!
{
	archiveVersion = 1;
	classes = {
	};
	objectVersion = 46;
	objects = {

/* Begin PBXBuildFile section */
		018421C36FB83533B3AE5E5D /* Models.swift in Sources */ = {isa = PBXBuildFile; fileRef = 180E0F5D58BC390D85571C4B /* Models.swift */; };
		077456D159F962475C8E499D /* PlaybackController.swift in Sources */ = {isa = PBXBuildFile; fileRef = 10A045DC9BA17DB5A5CC2A0A /* PlaybackController.swift */; };
		1C51851D47E5F4BA32EE1BBF /* Branding.swift in Sources */ = {isa = PBXBuildFile; fileRef = 8438574F9E14196486707FB5 /* Branding.swift */; };
		200ABADC7039328F56E262B0 /* Session.swift in Sources */ = {isa = PBXBuildFile; fileRef = 4621B191FDAC4AD0B8F1D1BB /* Session.swift */; };
		3098E4ABDF3983C08F75797B /* APIClient.swift in Sources */ = {isa = PBXBuildFile; fileRef = 90DBD150C6C81DB9953AEB42 /* APIClient.swift */; };
		40D37204F0D50E0FFC074429 /* StreamulusApp.swift in Sources */ = {isa = PBXBuildFile; fileRef = 9A3CF81A4088FC8C662A2840 /* StreamulusApp.swift */; };
		4E3CC48FB8C4504A233C7D74 /* Formatting.swift in Sources */ = {isa = PBXBuildFile; fileRef = 6E668CAB4FEAA9168009E236 /* Formatting.swift */; };
		5608BE36DD31A007EB1BE4DE /* SignInViews.swift in Sources */ = {isa = PBXBuildFile; fileRef = D93383C68A8E441366B8FAE9 /* SignInViews.swift */; };
		57CF12F7C0892E27C5815492 /* Assets.xcassets in Resources */ = {isa = PBXBuildFile; fileRef = 9A097C7B6A608ACE583AC768 /* Assets.xcassets */; };
		6854E154D5987DE486AD8EA5 /* Components.swift in Sources */ = {isa = PBXBuildFile; fileRef = 2767AEB9D9364F580A395423 /* Components.swift */; };
		6933859241ECAD51DFB90464 /* AnimatedImage.swift in Sources */ = {isa = PBXBuildFile; fileRef = 6D0844C5D570DBF8AC241EBF /* AnimatedImage.swift */; };
		6F6DA3DB7CFFB28DE75D10E0 /* AccountView.swift in Sources */ = {isa = PBXBuildFile; fileRef = 062AB7CD1EA64425379D6A82 /* AccountView.swift */; };
		8DD22EE650A4CC73A27A021F /* QRScanner.swift in Sources */ = {isa = PBXBuildFile; fileRef = 025DB61EB7284B78B9948EB7 /* QRScanner.swift */; };
		9198066E36E2DE6B91DFBC8D /* LibraryViews.swift in Sources */ = {isa = PBXBuildFile; fileRef = 4E10A0428A30EE5FB2CF7484 /* LibraryViews.swift */; };
		B8005FCDE181B36D627EB346 /* PlayerView.swift in Sources */ = {isa = PBXBuildFile; fileRef = A4BAF9BB5AC4696988D02249 /* PlayerView.swift */; };
		CF08B1FFEB7BADEE0BAB5078 /* HomeView.swift in Sources */ = {isa = PBXBuildFile; fileRef = 658A137C40EC1C201BF2028C /* HomeView.swift */; };
		D37AB6E0948271D4DAECA00C /* Keychain.swift in Sources */ = {isa = PBXBuildFile; fileRef = 06B575E4EA5E7266CD9274EB /* Keychain.swift */; };
		E5E80E884E9795DEBF15DE14 /* PlayerParts.swift in Sources */ = {isa = PBXBuildFile; fileRef = 74AC312B1828B705FAA84E14 /* PlayerParts.swift */; };
		ED6939A4EAAF6AA4C39BF6D8 /* GenreViews.swift in Sources */ = {isa = PBXBuildFile; fileRef = 8902791BF3F4257DC0850B48 /* GenreViews.swift */; };
		EF2D1DA0871375E735129718 /* MainTabView.swift in Sources */ = {isa = PBXBuildFile; fileRef = B83841D33B407E636EDEB14A /* MainTabView.swift */; };
		FB0D9C4E745F1CAA234AAE63 /* DetailViews.swift in Sources */ = {isa = PBXBuildFile; fileRef = EFF219483E25CDF51921F8D3 /* DetailViews.swift */; };
/* End PBXBuildFile section */

/* Begin PBXFileReference section */
		025DB61EB7284B78B9948EB7 /* QRScanner.swift */ = {isa = PBXFileReference; includeInIndex = 1; lastKnownFileType = sourcecode.swift; path = QRScanner.swift; sourceTree = "<group>"; };
		062AB7CD1EA64425379D6A82 /* AccountView.swift */ = {isa = PBXFileReference; includeInIndex = 1; lastKnownFileType = sourcecode.swift; path = AccountView.swift; sourceTree = "<group>"; };
		06B575E4EA5E7266CD9274EB /* Keychain.swift */ = {isa = PBXFileReference; includeInIndex = 1; lastKnownFileType = sourcecode.swift; path = Keychain.swift; sourceTree = "<group>"; };
		10A045DC9BA17DB5A5CC2A0A /* PlaybackController.swift */ = {isa = PBXFileReference; includeInIndex = 1; lastKnownFileType = sourcecode.swift; path = PlaybackController.swift; sourceTree = "<group>"; };
		180E0F5D58BC390D85571C4B /* Models.swift */ = {isa = PBXFileReference; includeInIndex = 1; lastKnownFileType = sourcecode.swift; path = Models.swift; sourceTree = "<group>"; };
		2767AEB9D9364F580A395423 /* Components.swift */ = {isa = PBXFileReference; includeInIndex = 1; lastKnownFileType = sourcecode.swift; path = Components.swift; sourceTree = "<group>"; };
		4621B191FDAC4AD0B8F1D1BB /* Session.swift */ = {isa = PBXFileReference; includeInIndex = 1; lastKnownFileType = sourcecode.swift; path = Session.swift; sourceTree = "<group>"; };
		4E10A0428A30EE5FB2CF7484 /* LibraryViews.swift */ = {isa = PBXFileReference; includeInIndex = 1; lastKnownFileType = sourcecode.swift; path = LibraryViews.swift; sourceTree = "<group>"; };
		658A137C40EC1C201BF2028C /* HomeView.swift */ = {isa = PBXFileReference; includeInIndex = 1; lastKnownFileType = sourcecode.swift; path = HomeView.swift; sourceTree = "<group>"; };
		6D0844C5D570DBF8AC241EBF /* AnimatedImage.swift */ = {isa = PBXFileReference; includeInIndex = 1; lastKnownFileType = sourcecode.swift; path = AnimatedImage.swift; sourceTree = "<group>"; };
		6E668CAB4FEAA9168009E236 /* Formatting.swift */ = {isa = PBXFileReference; includeInIndex = 1; lastKnownFileType = sourcecode.swift; path = Formatting.swift; sourceTree = "<group>"; };
		74AC312B1828B705FAA84E14 /* PlayerParts.swift */ = {isa = PBXFileReference; includeInIndex = 1; lastKnownFileType = sourcecode.swift; path = PlayerParts.swift; sourceTree = "<group>"; };
		8438574F9E14196486707FB5 /* Branding.swift */ = {isa = PBXFileReference; includeInIndex = 1; lastKnownFileType = sourcecode.swift; path = Branding.swift; sourceTree = "<group>"; };
		8902791BF3F4257DC0850B48 /* GenreViews.swift */ = {isa = PBXFileReference; includeInIndex = 1; lastKnownFileType = sourcecode.swift; path = GenreViews.swift; sourceTree = "<group>"; };
		90DBD150C6C81DB9953AEB42 /* APIClient.swift */ = {isa = PBXFileReference; includeInIndex = 1; lastKnownFileType = sourcecode.swift; path = APIClient.swift; sourceTree = "<group>"; };
		9A097C7B6A608ACE583AC768 /* Assets.xcassets */ = {isa = PBXFileReference; includeInIndex = 1; lastKnownFileType = folder.assetcatalog; path = Assets.xcassets; sourceTree = "<group>"; };
		9A3CF81A4088FC8C662A2840 /* StreamulusApp.swift */ = {isa = PBXFileReference; includeInIndex = 1; lastKnownFileType = sourcecode.swift; path = StreamulusApp.swift; sourceTree = "<group>"; };
		A4BAF9BB5AC4696988D02249 /* PlayerView.swift */ = {isa = PBXFileReference; includeInIndex = 1; lastKnownFileType = sourcecode.swift; path = PlayerView.swift; sourceTree = "<group>"; };
		B83841D33B407E636EDEB14A /* MainTabView.swift */ = {isa = PBXFileReference; includeInIndex = 1; lastKnownFileType = sourcecode.swift; path = MainTabView.swift; sourceTree = "<group>"; };
		CF56E340683ADD8F4871EB54 /* Streamulus.app */ = {isa = PBXFileReference; explicitFileType = wrapper.application; includeInIndex = 0; path = Streamulus.app; sourceTree = BUILT_PRODUCTS_DIR; };
		D93383C68A8E441366B8FAE9 /* SignInViews.swift */ = {isa = PBXFileReference; includeInIndex = 1; lastKnownFileType = sourcecode.swift; path = SignInViews.swift; sourceTree = "<group>"; };
		E02357049DA16FCF5FF616CC /* Info.plist */ = {isa = PBXFileReference; includeInIndex = 1; lastKnownFileType = text.plist.xml; path = Info.plist; sourceTree = "<group>"; };
		EFF219483E25CDF51921F8D3 /* DetailViews.swift */ = {isa = PBXFileReference; includeInIndex = 1; lastKnownFileType = sourcecode.swift; path = DetailViews.swift; sourceTree = "<group>"; };
/* End PBXFileReference section */

/* Begin PBXFrameworksBuildPhase section */
		1CA7245FA51D4C5B906FD8F6 /* Frameworks */ = {
			isa = PBXFrameworksBuildPhase;
			buildActionMask = 2147483647;
			files = (
			);
			runOnlyForDeploymentPostprocessing = 0;
		};
/* End PBXFrameworksBuildPhase section */

/* Begin PBXGroup section */
		2CB66A5CB663C9C04FDC5CF6 /* Frameworks */ = {
			isa = PBXGroup;
			children = (
				3F048D1EC581AAA6A68CC7E1 /* iOS */,
			);
			name = Frameworks;
			sourceTree = "<group>";
		};
		35465EA015BB39226874184B /* Streamulus */ = {
			isa = PBXGroup;
			children = (
				F6D4538FAEFC6A9B39F879F9 /* App */,
				9A097C7B6A608ACE583AC768 /* Assets.xcassets */,
				E02357049DA16FCF5FF616CC /* Info.plist */,
				DF4933308F988E240BEEE7E0 /* Player */,
				FCC38606F00ADD8D5588029E /* Shared */,
				F9BE506122A09E677D20EE40 /* Views */,
			);
			name = Streamulus;
			path = Streamulus;
			sourceTree = "<group>";
		};
		3F048D1EC581AAA6A68CC7E1 /* iOS */ = {
			isa = PBXGroup;
			children = (
			);
			name = iOS;
			sourceTree = "<group>";
		};
		435FF06734E03CBABF5B05CA /* Products */ = {
			isa = PBXGroup;
			children = (
				CF56E340683ADD8F4871EB54 /* Streamulus.app */,
			);
			name = Products;
			sourceTree = "<group>";
		};
		4745DC8369D3EE1B85623FE1 = {
			isa = PBXGroup;
			children = (
				435FF06734E03CBABF5B05CA /* Products */,
				2CB66A5CB663C9C04FDC5CF6 /* Frameworks */,
				35465EA015BB39226874184B /* Streamulus */,
			);
			sourceTree = "<group>";
		};
		DF4933308F988E240BEEE7E0 /* Player */ = {
			isa = PBXGroup;
			children = (
				A4BAF9BB5AC4696988D02249 /* PlayerView.swift */,
			);
			name = Player;
			path = Player;
			sourceTree = "<group>";
		};
		F6D4538FAEFC6A9B39F879F9 /* App */ = {
			isa = PBXGroup;
			children = (
				9A3CF81A4088FC8C662A2840 /* StreamulusApp.swift */,
			);
			name = App;
			path = App;
			sourceTree = "<group>";
		};
		F9BE506122A09E677D20EE40 /* Views */ = {
			isa = PBXGroup;
			children = (
				062AB7CD1EA64425379D6A82 /* AccountView.swift */,
				2767AEB9D9364F580A395423 /* Components.swift */,
				EFF219483E25CDF51921F8D3 /* DetailViews.swift */,
				8902791BF3F4257DC0850B48 /* GenreViews.swift */,
				658A137C40EC1C201BF2028C /* HomeView.swift */,
				4E10A0428A30EE5FB2CF7484 /* LibraryViews.swift */,
				B83841D33B407E636EDEB14A /* MainTabView.swift */,
				025DB61EB7284B78B9948EB7 /* QRScanner.swift */,
				D93383C68A8E441366B8FAE9 /* SignInViews.swift */,
			);
			name = Views;
			path = Views;
			sourceTree = "<group>";
		};
		FCC38606F00ADD8D5588029E /* Shared */ = {
			isa = PBXGroup;
			children = (
				90DBD150C6C81DB9953AEB42 /* APIClient.swift */,
				6D0844C5D570DBF8AC241EBF /* AnimatedImage.swift */,
				8438574F9E14196486707FB5 /* Branding.swift */,
				6E668CAB4FEAA9168009E236 /* Formatting.swift */,
				06B575E4EA5E7266CD9274EB /* Keychain.swift */,
				180E0F5D58BC390D85571C4B /* Models.swift */,
				10A045DC9BA17DB5A5CC2A0A /* PlaybackController.swift */,
				74AC312B1828B705FAA84E14 /* PlayerParts.swift */,
				4621B191FDAC4AD0B8F1D1BB /* Session.swift */,
			);
			name = Shared;
			path = Shared;
			sourceTree = "<group>";
		};
/* End PBXGroup section */

/* Begin PBXNativeTarget section */
		A85AF85B4D8DCD1A7ED7A5C3 /* Streamulus */ = {
			isa = PBXNativeTarget;
			buildConfigurationList = 4E074234370F30E00C37AB01 /* Build configuration list for PBXNativeTarget "Streamulus" */;
			buildPhases = (
				A95037AFD12D8AFC1E60C4B2 /* Sources */,
				1CA7245FA51D4C5B906FD8F6 /* Frameworks */,
				3028419F9471DF2C491DA09D /* Resources */,
			);
			buildRules = (
			);
			dependencies = (
			);
			name = Streamulus;
			productName = Streamulus;
			productReference = CF56E340683ADD8F4871EB54 /* Streamulus.app */;
			productType = "com.apple.product-type.application";
		};
/* End PBXNativeTarget section */

/* Begin PBXProject section */
		79009C76F65647DD6934AFA1 /* Project object */ = {
			isa = PBXProject;
			attributes = {
				BuildIndependentTargetsInParallel = YES;
				LastSwiftUpdateCheck = 1600;
				LastUpgradeCheck = 2600;
			};
			buildConfigurationList = FAB2533BF1A87AB1048B3390 /* Build configuration list for PBXProject "Streamulus-iOS" */;
			compatibilityVersion = "Xcode 3.2";
			developmentRegion = en;
			hasScannedForEncodings = 0;
			knownRegions = (
				en,
				Base,
			);
			mainGroup = 4745DC8369D3EE1B85623FE1;
			minimizedProjectReferenceProxies = 0;
			preferredProjectObjectVersion = 100;
			productRefGroup = 435FF06734E03CBABF5B05CA /* Products */;
			projectDirPath = "";
			projectRoot = "";
			targets = (
				A85AF85B4D8DCD1A7ED7A5C3 /* Streamulus */,
			);
		};
/* End PBXProject section */

/* Begin PBXResourcesBuildPhase section */
		3028419F9471DF2C491DA09D /* Resources */ = {
			isa = PBXResourcesBuildPhase;
			buildActionMask = 2147483647;
			files = (
				57CF12F7C0892E27C5815492 /* Assets.xcassets in Resources */,
			);
			runOnlyForDeploymentPostprocessing = 0;
		};
/* End PBXResourcesBuildPhase section */

/* Begin PBXSourcesBuildPhase section */
		A95037AFD12D8AFC1E60C4B2 /* Sources */ = {
			isa = PBXSourcesBuildPhase;
			buildActionMask = 2147483647;
			files = (
				40D37204F0D50E0FFC074429 /* StreamulusApp.swift in Sources */,
				B8005FCDE181B36D627EB346 /* PlayerView.swift in Sources */,
				3098E4ABDF3983C08F75797B /* APIClient.swift in Sources */,
				6933859241ECAD51DFB90464 /* AnimatedImage.swift in Sources */,
				1C51851D47E5F4BA32EE1BBF /* Branding.swift in Sources */,
				4E3CC48FB8C4504A233C7D74 /* Formatting.swift in Sources */,
				D37AB6E0948271D4DAECA00C /* Keychain.swift in Sources */,
				018421C36FB83533B3AE5E5D /* Models.swift in Sources */,
				077456D159F962475C8E499D /* PlaybackController.swift in Sources */,
				E5E80E884E9795DEBF15DE14 /* PlayerParts.swift in Sources */,
				200ABADC7039328F56E262B0 /* Session.swift in Sources */,
				6F6DA3DB7CFFB28DE75D10E0 /* AccountView.swift in Sources */,
				6854E154D5987DE486AD8EA5 /* Components.swift in Sources */,
				FB0D9C4E745F1CAA234AAE63 /* DetailViews.swift in Sources */,
				ED6939A4EAAF6AA4C39BF6D8 /* GenreViews.swift in Sources */,
				CF08B1FFEB7BADEE0BAB5078 /* HomeView.swift in Sources */,
				9198066E36E2DE6B91DFBC8D /* LibraryViews.swift in Sources */,
				EF2D1DA0871375E735129718 /* MainTabView.swift in Sources */,
				8DD22EE650A4CC73A27A021F /* QRScanner.swift in Sources */,
				5608BE36DD31A007EB1BE4DE /* SignInViews.swift in Sources */,
			);
			runOnlyForDeploymentPostprocessing = 0;
		};
/* End PBXSourcesBuildPhase section */

/* Begin XCBuildConfiguration section */
		0CC03DB1F4FC9F271AB221DE /* Release */ = {
			isa = XCBuildConfiguration;
			buildSettings = {
				ALWAYS_SEARCH_USER_PATHS = NO;
				CLANG_ANALYZER_NONNULL = YES;
				CLANG_ANALYZER_NUMBER_OBJECT_CONVERSION = YES_AGGRESSIVE;
				CLANG_CXX_LANGUAGE_STANDARD = "gnu++14";
				CLANG_CXX_LIBRARY = "libc++";
				CLANG_ENABLE_MODULES = YES;
				CLANG_ENABLE_OBJC_ARC = YES;
				CLANG_ENABLE_OBJC_WEAK = YES;
				CLANG_WARN_BLOCK_CAPTURE_AUTORELEASING = YES;
				CLANG_WARN_BOOL_CONVERSION = YES;
				CLANG_WARN_COMMA = YES;
				CLANG_WARN_CONSTANT_CONVERSION = YES;
				CLANG_WARN_DEPRECATED_OBJC_IMPLEMENTATIONS = YES;
				CLANG_WARN_DIRECT_OBJC_ISA_USAGE = YES_ERROR;
				CLANG_WARN_DOCUMENTATION_COMMENTS = YES;
				CLANG_WARN_EMPTY_BODY = YES;
				CLANG_WARN_ENUM_CONVERSION = YES;
				CLANG_WARN_INFINITE_RECURSION = YES;
				CLANG_WARN_INT_CONVERSION = YES;
				CLANG_WARN_NON_LITERAL_NULL_CONVERSION = YES;
				CLANG_WARN_OBJC_IMPLICIT_RETAIN_SELF = YES;
				CLANG_WARN_OBJC_LITERAL_CONVERSION = YES;
				CLANG_WARN_OBJC_ROOT_CLASS = YES_ERROR;
				CLANG_WARN_QUOTED_INCLUDE_IN_FRAMEWORK_HEADER = YES;
				CLANG_WARN_RANGE_LOOP_ANALYSIS = YES;
				CLANG_WARN_STRICT_PROTOTYPES = YES;
				CLANG_WARN_SUSPICIOUS_MOVE = YES;
				CLANG_WARN_UNGUARDED_AVAILABILITY = YES_AGGRESSIVE;
				CLANG_WARN_UNREACHABLE_CODE = YES;
				CLANG_WARN__DUPLICATE_METHOD_MATCH = YES;
				COPY_PHASE_STRIP = NO;
				DEBUG_INFORMATION_FORMAT = "dwarf-with-dsym";
				ENABLE_NS_ASSERTIONS = NO;
				ENABLE_STRICT_OBJC_MSGSEND = YES;
				GCC_C_LANGUAGE_STANDARD = gnu11;
				GCC_NO_COMMON_BLOCKS = YES;
				GCC_WARN_64_TO_32_BIT_CONVERSION = YES;
				GCC_WARN_ABOUT_RETURN_TYPE = YES_ERROR;
				GCC_WARN_UNDECLARED_SELECTOR = YES;
				GCC_WARN_UNINITIALIZED_AUTOS = YES_AGGRESSIVE;
				GCC_WARN_UNUSED_FUNCTION = YES;
				GCC_WARN_UNUSED_VARIABLE = YES;
				IPHONEOS_DEPLOYMENT_TARGET = 26.0;
				MTL_ENABLE_DEBUG_INFO = NO;
				MTL_FAST_MATH = YES;
				PRODUCT_NAME = "$(TARGET_NAME)";
				SDKROOT = iphoneos;
				SWIFT_COMPILATION_MODE = wholemodule;
				SWIFT_OPTIMIZATION_LEVEL = "-O";
				SWIFT_VERSION = 5.0;
			};
			name = Release;
		};
		0CFB278BC036A31F3EDC091F /* Debug */ = {
			isa = XCBuildConfiguration;
			buildSettings = {
				ASSETCATALOG_COMPILER_APPICON_NAME = AppIcon;
				ASSETCATALOG_COMPILER_GLOBAL_ACCENT_COLOR_NAME = AccentColor;
				CLANG_ENABLE_OBJC_WEAK = NO;
				CODE_SIGN_STYLE = Automatic;
				CURRENT_PROJECT_VERSION = 2;
				DEVELOPMENT_TEAM = "";
				ENABLE_PREVIEWS = YES;
				GENERATE_INFOPLIST_FILE = YES;
				INFOPLIST_FILE = Streamulus/Info.plist;
				INFOPLIST_KEY_CFBundleDisplayName = Streamulus;
				INFOPLIST_KEY_UIApplicationSupportsIndirectInputEvents = YES;
				INFOPLIST_KEY_UIUserInterfaceStyle = Dark;
				IPHONEOS_DEPLOYMENT_TARGET = 26.0;
				LD_RUNPATH_SEARCH_PATHS = "$(inherited) @executable_path/Frameworks";
				MARKETING_VERSION = 1.1;
				PRODUCT_BUNDLE_IDENTIFIER = com.streamulus.ios;
				PRODUCT_NAME = "$(TARGET_NAME)";
				SDKROOT = iphoneos;
				SUPPORTS_MACCATALYST = NO;
				SWIFT_EMIT_LOC_STRINGS = YES;
				SWIFT_STRICT_CONCURRENCY = minimal;
				SWIFT_VERSION = 5.0;
				TARGETED_DEVICE_FAMILY = "1,2";
			};
			name = Debug;
		};
		5B25E48DA5D3C4EBC83375BE /* Release */ = {
			isa = XCBuildConfiguration;
			buildSettings = {
				ASSETCATALOG_COMPILER_APPICON_NAME = AppIcon;
				ASSETCATALOG_COMPILER_GLOBAL_ACCENT_COLOR_NAME = AccentColor;
				CLANG_ENABLE_OBJC_WEAK = NO;
				CODE_SIGN_STYLE = Automatic;
				CURRENT_PROJECT_VERSION = 2;
				DEVELOPMENT_TEAM = "";
				ENABLE_PREVIEWS = YES;
				GENERATE_INFOPLIST_FILE = YES;
				INFOPLIST_FILE = Streamulus/Info.plist;
				INFOPLIST_KEY_CFBundleDisplayName = Streamulus;
				INFOPLIST_KEY_UIApplicationSupportsIndirectInputEvents = YES;
				INFOPLIST_KEY_UIUserInterfaceStyle = Dark;
				IPHONEOS_DEPLOYMENT_TARGET = 26.0;
				LD_RUNPATH_SEARCH_PATHS = "$(inherited) @executable_path/Frameworks";
				MARKETING_VERSION = 1.1;
				PRODUCT_BUNDLE_IDENTIFIER = com.streamulus.ios;
				PRODUCT_NAME = "$(TARGET_NAME)";
				SDKROOT = iphoneos;
				SUPPORTS_MACCATALYST = NO;
				SWIFT_EMIT_LOC_STRINGS = YES;
				SWIFT_STRICT_CONCURRENCY = minimal;
				SWIFT_VERSION = 5.0;
				TARGETED_DEVICE_FAMILY = "1,2";
				VALIDATE_PRODUCT = YES;
			};
			name = Release;
		};
		CA66DA4C8F5EEDA11AD9A6FC /* Debug */ = {
			isa = XCBuildConfiguration;
			buildSettings = {
				ALWAYS_SEARCH_USER_PATHS = NO;
				CLANG_ANALYZER_NONNULL = YES;
				CLANG_ANALYZER_NUMBER_OBJECT_CONVERSION = YES_AGGRESSIVE;
				CLANG_CXX_LANGUAGE_STANDARD = "gnu++14";
				CLANG_CXX_LIBRARY = "libc++";
				CLANG_ENABLE_MODULES = YES;
				CLANG_ENABLE_OBJC_ARC = YES;
				CLANG_ENABLE_OBJC_WEAK = YES;
				CLANG_WARN_BLOCK_CAPTURE_AUTORELEASING = YES;
				CLANG_WARN_BOOL_CONVERSION = YES;
				CLANG_WARN_COMMA = YES;
				CLANG_WARN_CONSTANT_CONVERSION = YES;
				CLANG_WARN_DEPRECATED_OBJC_IMPLEMENTATIONS = YES;
				CLANG_WARN_DIRECT_OBJC_ISA_USAGE = YES_ERROR;
				CLANG_WARN_DOCUMENTATION_COMMENTS = YES;
				CLANG_WARN_EMPTY_BODY = YES;
				CLANG_WARN_ENUM_CONVERSION = YES;
				CLANG_WARN_INFINITE_RECURSION = YES;
				CLANG_WARN_INT_CONVERSION = YES;
				CLANG_WARN_NON_LITERAL_NULL_CONVERSION = YES;
				CLANG_WARN_OBJC_IMPLICIT_RETAIN_SELF = YES;
				CLANG_WARN_OBJC_LITERAL_CONVERSION = YES;
				CLANG_WARN_OBJC_ROOT_CLASS = YES_ERROR;
				CLANG_WARN_QUOTED_INCLUDE_IN_FRAMEWORK_HEADER = YES;
				CLANG_WARN_RANGE_LOOP_ANALYSIS = YES;
				CLANG_WARN_STRICT_PROTOTYPES = YES;
				CLANG_WARN_SUSPICIOUS_MOVE = YES;
				CLANG_WARN_UNGUARDED_AVAILABILITY = YES_AGGRESSIVE;
				CLANG_WARN_UNREACHABLE_CODE = YES;
				CLANG_WARN__DUPLICATE_METHOD_MATCH = YES;
				COPY_PHASE_STRIP = NO;
				DEBUG_INFORMATION_FORMAT = dwarf;
				ENABLE_STRICT_OBJC_MSGSEND = YES;
				ENABLE_TESTABILITY = YES;
				GCC_C_LANGUAGE_STANDARD = gnu11;
				GCC_DYNAMIC_NO_PIC = NO;
				GCC_NO_COMMON_BLOCKS = YES;
				GCC_OPTIMIZATION_LEVEL = 0;
				GCC_PREPROCESSOR_DEFINITIONS = (
					"DEBUG=1",
					"$(inherited)",
				);
				GCC_WARN_64_TO_32_BIT_CONVERSION = YES;
				GCC_WARN_ABOUT_RETURN_TYPE = YES_ERROR;
				GCC_WARN_UNDECLARED_SELECTOR = YES;
				GCC_WARN_UNINITIALIZED_AUTOS = YES_AGGRESSIVE;
				GCC_WARN_UNUSED_FUNCTION = YES;
				GCC_WARN_UNUSED_VARIABLE = YES;
				IPHONEOS_DEPLOYMENT_TARGET = 26.0;
				MTL_ENABLE_DEBUG_INFO = INCLUDE_SOURCE;
				MTL_FAST_MATH = YES;
				ONLY_ACTIVE_ARCH = YES;
				PRODUCT_NAME = "$(TARGET_NAME)";
				SDKROOT = iphoneos;
				SWIFT_ACTIVE_COMPILATION_CONDITIONS = DEBUG;
				SWIFT_OPTIMIZATION_LEVEL = "-Onone";
				SWIFT_VERSION = 5.0;
			};
			name = Debug;
		};
/* End XCBuildConfiguration section */

/* Begin XCConfigurationList section */
		4E074234370F30E00C37AB01 /* Build configuration list for PBXNativeTarget "Streamulus" */ = {
			isa = XCConfigurationList;
			buildConfigurations = (
				5B25E48DA5D3C4EBC83375BE /* Release */,
				0CFB278BC036A31F3EDC091F /* Debug */,
			);
			defaultConfigurationIsVisible = 0;
			defaultConfigurationName = Release;
		};
		FAB2533BF1A87AB1048B3390 /* Build configuration list for PBXProject "Streamulus-iOS" */ = {
			isa = XCConfigurationList;
			buildConfigurations = (
				CA66DA4C8F5EEDA11AD9A6FC /* Debug */,
				0CC03DB1F4FC9F271AB221DE /* Release */,
			);
			defaultConfigurationIsVisible = 0;
			defaultConfigurationName = Release;
		};
/* End XCConfigurationList section */
	};
	rootObject = 79009C76F65647DD6934AFA1 /* Project object */;
}
