// !$*UTF8*$!
{
	archiveVersion = 1;
	classes = {
	};
	objectVersion = 46;
	objects = {

/* Begin PBXBuildFile section */
		0CB0C9ADC811831286FEAA6D /* Playback.swift in Sources */ = {isa = PBXBuildFile; fileRef = F7C16B7A31E3204AB2F6828E /* Playback.swift */; };
		3B2B0A47B05CB2FC8AD0A9AB /* APIClient.swift in Sources */ = {isa = PBXBuildFile; fileRef = 940D46CADF6F4FEA6110FF9A /* APIClient.swift */; };
		4ACA9B6E2E7508B973DD6D13 /* SignInViews.swift in Sources */ = {isa = PBXBuildFile; fileRef = 1F3909B9FA9A4A7A96D5A9FD /* SignInViews.swift */; };
		687BF569FDC57D179DA0CA54 /* Assets.xcassets in Resources */ = {isa = PBXBuildFile; fileRef = 4B6AE4DD7E7B2AF51AFD76CD /* Assets.xcassets */; };
		690C4C0D932B4E96EC3D557F /* Models.swift in Sources */ = {isa = PBXBuildFile; fileRef = 53BF6D88EE360FD078F31F2E /* Models.swift */; };
		8B4B52852E07DAA86F8EB342 /* Components.swift in Sources */ = {isa = PBXBuildFile; fileRef = 99B5452CE174BEFB05F03F92 /* Components.swift */; };
		8C51D6D0507BABE284938D41 /* DetailViews.swift in Sources */ = {isa = PBXBuildFile; fileRef = 767C7B783D4C98630B231355 /* DetailViews.swift */; };
		9B4A307598F014DFAE0368E3 /* BrowseViews.swift in Sources */ = {isa = PBXBuildFile; fileRef = DDAD2BB1CDD05DD0BA7007D9 /* BrowseViews.swift */; };
		C5B836E1900BB65B2F215AE5 /* StreamulusApp.swift in Sources */ = {isa = PBXBuildFile; fileRef = 56BD684916AEF19283C4EC1C /* StreamulusApp.swift */; };
		C6ED659C5F88B36A2371B96C /* Keychain.swift in Sources */ = {isa = PBXBuildFile; fileRef = B94E967631FD9D3F3E3FD224 /* Keychain.swift */; };
		CC2005620AF56E1024A2098D /* Formatting.swift in Sources */ = {isa = PBXBuildFile; fileRef = 3ABEA044148BEF8A57E47AE3 /* Formatting.swift */; };
		CCA1E23E6655C8F1456D4DFF /* Session.swift in Sources */ = {isa = PBXBuildFile; fileRef = 77AC299FB8781224CF2934C9 /* Session.swift */; };
/* End PBXBuildFile section */

/* Begin PBXFileReference section */
		1F3909B9FA9A4A7A96D5A9FD /* SignInViews.swift */ = {isa = PBXFileReference; includeInIndex = 1; lastKnownFileType = sourcecode.swift; path = SignInViews.swift; sourceTree = "<group>"; };
		27FED3513259D3AF7327FD02 /* Streamulus.app */ = {isa = PBXFileReference; explicitFileType = wrapper.application; includeInIndex = 0; path = Streamulus.app; sourceTree = BUILT_PRODUCTS_DIR; };
		3ABEA044148BEF8A57E47AE3 /* Formatting.swift */ = {isa = PBXFileReference; includeInIndex = 1; lastKnownFileType = sourcecode.swift; path = Formatting.swift; sourceTree = "<group>"; };
		4B6AE4DD7E7B2AF51AFD76CD /* Assets.xcassets */ = {isa = PBXFileReference; includeInIndex = 1; lastKnownFileType = folder.assetcatalog; path = Assets.xcassets; sourceTree = "<group>"; };
		53BF6D88EE360FD078F31F2E /* Models.swift */ = {isa = PBXFileReference; includeInIndex = 1; lastKnownFileType = sourcecode.swift; path = Models.swift; sourceTree = "<group>"; };
		56BD684916AEF19283C4EC1C /* StreamulusApp.swift */ = {isa = PBXFileReference; includeInIndex = 1; lastKnownFileType = sourcecode.swift; path = StreamulusApp.swift; sourceTree = "<group>"; };
		767C7B783D4C98630B231355 /* DetailViews.swift */ = {isa = PBXFileReference; includeInIndex = 1; lastKnownFileType = sourcecode.swift; path = DetailViews.swift; sourceTree = "<group>"; };
		77AC299FB8781224CF2934C9 /* Session.swift */ = {isa = PBXFileReference; includeInIndex = 1; lastKnownFileType = sourcecode.swift; path = Session.swift; sourceTree = "<group>"; };
		940D46CADF6F4FEA6110FF9A /* APIClient.swift */ = {isa = PBXFileReference; includeInIndex = 1; lastKnownFileType = sourcecode.swift; path = APIClient.swift; sourceTree = "<group>"; };
		99B5452CE174BEFB05F03F92 /* Components.swift */ = {isa = PBXFileReference; includeInIndex = 1; lastKnownFileType = sourcecode.swift; path = Components.swift; sourceTree = "<group>"; };
		B94E967631FD9D3F3E3FD224 /* Keychain.swift */ = {isa = PBXFileReference; includeInIndex = 1; lastKnownFileType = sourcecode.swift; path = Keychain.swift; sourceTree = "<group>"; };
		D0734A2FB06217D74D03D059 /* Info.plist */ = {isa = PBXFileReference; includeInIndex = 1; lastKnownFileType = text.plist.xml; path = Info.plist; sourceTree = "<group>"; };
		DDAD2BB1CDD05DD0BA7007D9 /* BrowseViews.swift */ = {isa = PBXFileReference; includeInIndex = 1; lastKnownFileType = sourcecode.swift; path = BrowseViews.swift; sourceTree = "<group>"; };
		F7C16B7A31E3204AB2F6828E /* Playback.swift */ = {isa = PBXFileReference; includeInIndex = 1; lastKnownFileType = sourcecode.swift; path = Playback.swift; sourceTree = "<group>"; };
/* End PBXFileReference section */

/* Begin PBXFrameworksBuildPhase section */
		E763B08149F74731398552A1 /* Frameworks */ = {
			isa = PBXFrameworksBuildPhase;
			buildActionMask = 2147483647;
			files = (
			);
			runOnlyForDeploymentPostprocessing = 0;
		};
/* End PBXFrameworksBuildPhase section */

/* Begin PBXGroup section */
		1321508F182CD508008A9A78 /* Frameworks */ = {
			isa = PBXGroup;
			children = (
				DC8049C3E8131A18D5CD20BA /* tvOS */,
			);
			name = Frameworks;
			sourceTree = "<group>";
		};
		1F17470D3BF669E1D3EC965B /* Streamulus */ = {
			isa = PBXGroup;
			children = (
				9BD3A001CDD2F8B905F23E6B /* App */,
				4B6AE4DD7E7B2AF51AFD76CD /* Assets.xcassets */,
				3A34AC4A85CE50AFD88D0185 /* Core */,
				D0734A2FB06217D74D03D059 /* Info.plist */,
				86555654EF96711029DB1F1F /* Player */,
				C88F170D1B11AB1F92485938 /* Views */,
			);
			name = Streamulus;
			path = Streamulus;
			sourceTree = "<group>";
		};
		3A34AC4A85CE50AFD88D0185 /* Core */ = {
			isa = PBXGroup;
			children = (
				940D46CADF6F4FEA6110FF9A /* APIClient.swift */,
				3ABEA044148BEF8A57E47AE3 /* Formatting.swift */,
				B94E967631FD9D3F3E3FD224 /* Keychain.swift */,
				53BF6D88EE360FD078F31F2E /* Models.swift */,
				77AC299FB8781224CF2934C9 /* Session.swift */,
			);
			name = Core;
			path = Core;
			sourceTree = "<group>";
		};
		5CE30E76075DF3151E9170E7 = {
			isa = PBXGroup;
			children = (
				6E88989D77686EA626D25921 /* Products */,
				1321508F182CD508008A9A78 /* Frameworks */,
				1F17470D3BF669E1D3EC965B /* Streamulus */,
			);
			sourceTree = "<group>";
		};
		6E88989D77686EA626D25921 /* Products */ = {
			isa = PBXGroup;
			children = (
				27FED3513259D3AF7327FD02 /* Streamulus.app */,
			);
			name = Products;
			sourceTree = "<group>";
		};
		86555654EF96711029DB1F1F /* Player */ = {
			isa = PBXGroup;
			children = (
				F7C16B7A31E3204AB2F6828E /* Playback.swift */,
			);
			name = Player;
			path = Player;
			sourceTree = "<group>";
		};
		9BD3A001CDD2F8B905F23E6B /* App */ = {
			isa = PBXGroup;
			children = (
				56BD684916AEF19283C4EC1C /* StreamulusApp.swift */,
			);
			name = App;
			path = App;
			sourceTree = "<group>";
		};
		C88F170D1B11AB1F92485938 /* Views */ = {
			isa = PBXGroup;
			children = (
				DDAD2BB1CDD05DD0BA7007D9 /* BrowseViews.swift */,
				99B5452CE174BEFB05F03F92 /* Components.swift */,
				767C7B783D4C98630B231355 /* DetailViews.swift */,
				1F3909B9FA9A4A7A96D5A9FD /* SignInViews.swift */,
			);
			name = Views;
			path = Views;
			sourceTree = "<group>";
		};
		DC8049C3E8131A18D5CD20BA /* tvOS */ = {
			isa = PBXGroup;
			children = (
			);
			name = tvOS;
			sourceTree = "<group>";
		};
/* End PBXGroup section */

/* Begin PBXNativeTarget section */
		FA2F3005DCED692A0DF63CF7 /* Streamulus */ = {
			isa = PBXNativeTarget;
			buildConfigurationList = 39E2181853D4756DC69A2B64 /* Build configuration list for PBXNativeTarget "Streamulus" */;
			buildPhases = (
				2776305FA996CD09E271A635 /* Sources */,
				E763B08149F74731398552A1 /* Frameworks */,
				A332C391EF8D1F97065DC126 /* Resources */,
			);
			buildRules = (
			);
			dependencies = (
			);
			name = Streamulus;
			productName = Streamulus;
			productReference = 27FED3513259D3AF7327FD02 /* Streamulus.app */;
			productType = "com.apple.product-type.application";
		};
/* End PBXNativeTarget section */

/* Begin PBXProject section */
		96EB5FE33BF7037532377CE0 /* Project object */ = {
			isa = PBXProject;
			attributes = {
				BuildIndependentTargetsInParallel = YES;
				LastSwiftUpdateCheck = 1600;
				LastUpgradeCheck = 2600;
			};
			buildConfigurationList = A6AE6B1BC7B30D1D8BD19B44 /* Build configuration list for PBXProject "Streamulus" */;
			compatibilityVersion = "Xcode 3.2";
			developmentRegion = en;
			hasScannedForEncodings = 0;
			knownRegions = (
				en,
				Base,
			);
			mainGroup = 5CE30E76075DF3151E9170E7;
			minimizedProjectReferenceProxies = 0;
			preferredProjectObjectVersion = 100;
			productRefGroup = 6E88989D77686EA626D25921 /* Products */;
			projectDirPath = "";
			projectRoot = "";
			targets = (
				FA2F3005DCED692A0DF63CF7 /* Streamulus */,
			);
		};
/* End PBXProject section */

/* Begin PBXResourcesBuildPhase section */
		A332C391EF8D1F97065DC126 /* Resources */ = {
			isa = PBXResourcesBuildPhase;
			buildActionMask = 2147483647;
			files = (
				687BF569FDC57D179DA0CA54 /* Assets.xcassets in Resources */,
			);
			runOnlyForDeploymentPostprocessing = 0;
		};
/* End PBXResourcesBuildPhase section */

/* Begin PBXSourcesBuildPhase section */
		2776305FA996CD09E271A635 /* Sources */ = {
			isa = PBXSourcesBuildPhase;
			buildActionMask = 2147483647;
			files = (
				C5B836E1900BB65B2F215AE5 /* StreamulusApp.swift in Sources */,
				3B2B0A47B05CB2FC8AD0A9AB /* APIClient.swift in Sources */,
				CC2005620AF56E1024A2098D /* Formatting.swift in Sources */,
				C6ED659C5F88B36A2371B96C /* Keychain.swift in Sources */,
				690C4C0D932B4E96EC3D557F /* Models.swift in Sources */,
				CCA1E23E6655C8F1456D4DFF /* Session.swift in Sources */,
				0CB0C9ADC811831286FEAA6D /* Playback.swift in Sources */,
				9B4A307598F014DFAE0368E3 /* BrowseViews.swift in Sources */,
				8B4B52852E07DAA86F8EB342 /* Components.swift in Sources */,
				8C51D6D0507BABE284938D41 /* DetailViews.swift in Sources */,
				4ACA9B6E2E7508B973DD6D13 /* SignInViews.swift in Sources */,
			);
			runOnlyForDeploymentPostprocessing = 0;
		};
/* End PBXSourcesBuildPhase section */

/* Begin XCBuildConfiguration section */
		13D5FDDAFAEAFCFAE32895E3 /* Release */ = {
			isa = XCBuildConfiguration;
			buildSettings = {
				ASSETCATALOG_COMPILER_APPICON_NAME = "App Icon & Top Shelf Image";
				ASSETCATALOG_COMPILER_GLOBAL_ACCENT_COLOR_NAME = AccentColor;
				CODE_SIGN_STYLE = Automatic;
				CURRENT_PROJECT_VERSION = 8;
				DEVELOPMENT_TEAM = "";
				ENABLE_PREVIEWS = YES;
				GENERATE_INFOPLIST_FILE = YES;
				INFOPLIST_FILE = Streamulus/Info.plist;
				INFOPLIST_KEY_CFBundleDisplayName = Streamulus;
				INFOPLIST_KEY_UIUserInterfaceStyle = Dark;
				LD_RUNPATH_SEARCH_PATHS = "$(inherited) @executable_path/Frameworks";
				MARKETING_VERSION = 1.7;
				PRODUCT_BUNDLE_IDENTIFIER = com.streamulus.appletv;
				PRODUCT_NAME = "$(TARGET_NAME)";
				SDKROOT = appletvos;
				SWIFT_EMIT_LOC_STRINGS = YES;
				SWIFT_STRICT_CONCURRENCY = minimal;
				SWIFT_VERSION = 5.0;
				TARGETED_DEVICE_FAMILY = 3;
				TVOS_DEPLOYMENT_TARGET = 26.0;
				VALIDATE_PRODUCT = YES;
			};
			name = Release;
		};
		B561ABBF85A89C1433EBEA67 /* Release */ = {
			isa = XCBuildConfiguration;
			buildSettings = {
				ALWAYS_SEARCH_USER_PATHS = NO;
				CLANG_ANALYZER_NONNULL = YES;
				CLANG_ANALYZER_NUMBER_OBJECT_CONVERSION = YES_AGGRESSIVE;
				CLANG_CXX_LANGUAGE_STANDARD = "gnu++14";
				CLANG_CXX_LIBRARY = "libc++";
				CLANG_ENABLE_MODULES = YES;
				CLANG_ENABLE_OBJC_ARC = YES;
				CLANG_ENABLE_OBJC_WEAK = YES;
				CLANG_WARN_BLOCK_CAPTURE_AUTORELEASING = YES;
				CLANG_WARN_BOOL_CONVERSION = YES;
				CLANG_WARN_COMMA = YES;
				CLANG_WARN_CONSTANT_CONVERSION = YES;
				CLANG_WARN_DEPRECATED_OBJC_IMPLEMENTATIONS = YES;
				CLANG_WARN_DIRECT_OBJC_ISA_USAGE = YES_ERROR;
				CLANG_WARN_DOCUMENTATION_COMMENTS = YES;
				CLANG_WARN_EMPTY_BODY = YES;
				CLANG_WARN_ENUM_CONVERSION = YES;
				CLANG_WARN_INFINITE_RECURSION = YES;
				CLANG_WARN_INT_CONVERSION = YES;
				CLANG_WARN_NON_LITERAL_NULL_CONVERSION = YES;
				CLANG_WARN_OBJC_IMPLICIT_RETAIN_SELF = YES;
				CLANG_WARN_OBJC_LITERAL_CONVERSION = YES;
				CLANG_WARN_OBJC_ROOT_CLASS = YES_ERROR;
				CLANG_WARN_QUOTED_INCLUDE_IN_FRAMEWORK_HEADER = YES;
				CLANG_WARN_RANGE_LOOP_ANALYSIS = YES;
				CLANG_WARN_STRICT_PROTOTYPES = YES;
				CLANG_WARN_SUSPICIOUS_MOVE = YES;
				CLANG_WARN_UNGUARDED_AVAILABILITY = YES_AGGRESSIVE;
				CLANG_WARN_UNREACHABLE_CODE = YES;
				CLANG_WARN__DUPLICATE_METHOD_MATCH = YES;
				COPY_PHASE_STRIP = NO;
				DEBUG_INFORMATION_FORMAT = "dwarf-with-dsym";
				ENABLE_NS_ASSERTIONS = NO;
				ENABLE_STRICT_OBJC_MSGSEND = YES;
				GCC_C_LANGUAGE_STANDARD = gnu11;
				GCC_NO_COMMON_BLOCKS = YES;
				GCC_WARN_64_TO_32_BIT_CONVERSION = YES;
				GCC_WARN_ABOUT_RETURN_TYPE = YES_ERROR;
				GCC_WARN_UNDECLARED_SELECTOR = YES;
				GCC_WARN_UNINITIALIZED_AUTOS = YES_AGGRESSIVE;
				GCC_WARN_UNUSED_FUNCTION = YES;
				GCC_WARN_UNUSED_VARIABLE = YES;
				MTL_ENABLE_DEBUG_INFO = NO;
				MTL_FAST_MATH = YES;
				PRODUCT_NAME = "$(TARGET_NAME)";
				SDKROOT = appletvos;
				SWIFT_COMPILATION_MODE = wholemodule;
				SWIFT_OPTIMIZATION_LEVEL = "-O";
				SWIFT_VERSION = 5.0;
				TVOS_DEPLOYMENT_TARGET = 26.0;
			};
			name = Release;
		};
		C4AE522DDFA358ADD8656C91 /* Debug */ = {
			isa = XCBuildConfiguration;
			buildSettings = {
				ALWAYS_SEARCH_USER_PATHS = NO;
				CLANG_ANALYZER_NONNULL = YES;
				CLANG_ANALYZER_NUMBER_OBJECT_CONVERSION = YES_AGGRESSIVE;
				CLANG_CXX_LANGUAGE_STANDARD = "gnu++14";
				CLANG_CXX_LIBRARY = "libc++";
				CLANG_ENABLE_MODULES = YES;
				CLANG_ENABLE_OBJC_ARC = YES;
				CLANG_ENABLE_OBJC_WEAK = YES;
				CLANG_WARN_BLOCK_CAPTURE_AUTORELEASING = YES;
				CLANG_WARN_BOOL_CONVERSION = YES;
				CLANG_WARN_COMMA = YES;
				CLANG_WARN_CONSTANT_CONVERSION = YES;
				CLANG_WARN_DEPRECATED_OBJC_IMPLEMENTATIONS = YES;
				CLANG_WARN_DIRECT_OBJC_ISA_USAGE = YES_ERROR;
				CLANG_WARN_DOCUMENTATION_COMMENTS = YES;
				CLANG_WARN_EMPTY_BODY = YES;
				CLANG_WARN_ENUM_CONVERSION = YES;
				CLANG_WARN_INFINITE_RECURSION = YES;
				CLANG_WARN_INT_CONVERSION = YES;
				CLANG_WARN_NON_LITERAL_NULL_CONVERSION = YES;
				CLANG_WARN_OBJC_IMPLICIT_RETAIN_SELF = YES;
				CLANG_WARN_OBJC_LITERAL_CONVERSION = YES;
				CLANG_WARN_OBJC_ROOT_CLASS = YES_ERROR;
				CLANG_WARN_QUOTED_INCLUDE_IN_FRAMEWORK_HEADER = YES;
				CLANG_WARN_RANGE_LOOP_ANALYSIS = YES;
				CLANG_WARN_STRICT_PROTOTYPES = YES;
				CLANG_WARN_SUSPICIOUS_MOVE = YES;
				CLANG_WARN_UNGUARDED_AVAILABILITY = YES_AGGRESSIVE;
				CLANG_WARN_UNREACHABLE_CODE = YES;
				CLANG_WARN__DUPLICATE_METHOD_MATCH = YES;
				COPY_PHASE_STRIP = NO;
				DEBUG_INFORMATION_FORMAT = dwarf;
				ENABLE_STRICT_OBJC_MSGSEND = YES;
				ENABLE_TESTABILITY = YES;
				GCC_C_LANGUAGE_STANDARD = gnu11;
				GCC_DYNAMIC_NO_PIC = NO;
				GCC_NO_COMMON_BLOCKS = YES;
				GCC_OPTIMIZATION_LEVEL = 0;
				GCC_PREPROCESSOR_DEFINITIONS = (
					"DEBUG=1",
					"$(inherited)",
				);
				GCC_WARN_64_TO_32_BIT_CONVERSION = YES;
				GCC_WARN_ABOUT_RETURN_TYPE = YES_ERROR;
				GCC_WARN_UNDECLARED_SELECTOR = YES;
				GCC_WARN_UNINITIALIZED_AUTOS = YES_AGGRESSIVE;
				GCC_WARN_UNUSED_FUNCTION = YES;
				GCC_WARN_UNUSED_VARIABLE = YES;
				MTL_ENABLE_DEBUG_INFO = INCLUDE_SOURCE;
				MTL_FAST_MATH = YES;
				ONLY_ACTIVE_ARCH = YES;
				PRODUCT_NAME = "$(TARGET_NAME)";
				SDKROOT = appletvos;
				SWIFT_ACTIVE_COMPILATION_CONDITIONS = DEBUG;
				SWIFT_OPTIMIZATION_LEVEL = "-Onone";
				SWIFT_VERSION = 5.0;
				TVOS_DEPLOYMENT_TARGET = 26.0;
			};
			name = Debug;
		};
		F79A641A2D8FF0F6BAB01F76 /* Debug */ = {
			isa = XCBuildConfiguration;
			buildSettings = {
				ASSETCATALOG_COMPILER_APPICON_NAME = "App Icon & Top Shelf Image";
				ASSETCATALOG_COMPILER_GLOBAL_ACCENT_COLOR_NAME = AccentColor;
				CODE_SIGN_STYLE = Automatic;
				CURRENT_PROJECT_VERSION = 8;
				DEVELOPMENT_TEAM = "";
				ENABLE_PREVIEWS = YES;
				GENERATE_INFOPLIST_FILE = YES;
				INFOPLIST_FILE = Streamulus/Info.plist;
				INFOPLIST_KEY_CFBundleDisplayName = Streamulus;
				INFOPLIST_KEY_UIUserInterfaceStyle = Dark;
				LD_RUNPATH_SEARCH_PATHS = "$(inherited) @executable_path/Frameworks";
				MARKETING_VERSION = 1.7;
				PRODUCT_BUNDLE_IDENTIFIER = com.streamulus.appletv;
				PRODUCT_NAME = "$(TARGET_NAME)";
				SDKROOT = appletvos;
				SWIFT_EMIT_LOC_STRINGS = YES;
				SWIFT_STRICT_CONCURRENCY = minimal;
				SWIFT_VERSION = 5.0;
				TARGETED_DEVICE_FAMILY = 3;
				TVOS_DEPLOYMENT_TARGET = 26.0;
			};
			name = Debug;
		};
/* End XCBuildConfiguration section */

/* Begin XCConfigurationList section */
		39E2181853D4756DC69A2B64 /* Build configuration list for PBXNativeTarget "Streamulus" */ = {
			isa = XCConfigurationList;
			buildConfigurations = (
				13D5FDDAFAEAFCFAE32895E3 /* Release */,
				F79A641A2D8FF0F6BAB01F76 /* Debug */,
			);
			defaultConfigurationIsVisible = 0;
			defaultConfigurationName = Release;
		};
		A6AE6B1BC7B30D1D8BD19B44 /* Build configuration list for PBXProject "Streamulus" */ = {
			isa = XCConfigurationList;
			buildConfigurations = (
				C4AE522DDFA358ADD8656C91 /* Debug */,
				B561ABBF85A89C1433EBEA67 /* Release */,
			);
			defaultConfigurationIsVisible = 0;
			defaultConfigurationName = Release;
		};
/* End XCConfigurationList section */
	};
	rootObject = 96EB5FE33BF7037532377CE0 /* Project object */;
}
