// !$*UTF8*$!
{
	archiveVersion = 1;
	classes = {
	};
	objectVersion = 46;
	objects = {

/* Begin PBXBuildFile section */
		1D37CFCAC8666B93F353F97A /* HomeView.swift in Sources */ = {isa = PBXBuildFile; fileRef = 4C165DDA1E31168AB218C891 /* HomeView.swift */; };
		1D497111FCC669629B16F1CE /* Formatting.swift in Sources */ = {isa = PBXBuildFile; fileRef = 049DDE2CF333464ADDEB37AA /* Formatting.swift */; };
		25D7F856AFC6E327F961B941 /* Session.swift in Sources */ = {isa = PBXBuildFile; fileRef = 637320CED1DAB6DA89CCC420 /* Session.swift */; };
		41F3E0F79F948E65BA4EABBD /* StreamulusApp.swift in Sources */ = {isa = PBXBuildFile; fileRef = ED34588CB36025DACC10C7F8 /* StreamulusApp.swift */; };
		52E6846BF2927B089AED5B37 /* Models.swift in Sources */ = {isa = PBXBuildFile; fileRef = E73BE5842607B51A3589D82E /* Models.swift */; };
		53571D94C141D1C0D7E6F47F /* GenreViews.swift in Sources */ = {isa = PBXBuildFile; fileRef = EC083974378826B858E96E48 /* GenreViews.swift */; };
		569FC06A359DECDA16EFE8B0 /* Keychain.swift in Sources */ = {isa = PBXBuildFile; fileRef = A3ACB1FA1671E96D677E258A /* Keychain.swift */; };
		59D4409E9A454F980750C062 /* SignInViews.swift in Sources */ = {isa = PBXBuildFile; fileRef = 3E6765B53F63BE9918615E6F /* SignInViews.swift */; };
		5D2B1627AD20D612E8C3D91F /* MainTabView.swift in Sources */ = {isa = PBXBuildFile; fileRef = B3CBCDB1678F6E9AC2F9A4FB /* MainTabView.swift */; };
		61E79238A8629ABB262BD5E9 /* DetailViews.swift in Sources */ = {isa = PBXBuildFile; fileRef = DB62CB7C61FDC3B963080AC7 /* DetailViews.swift */; };
		6C78E7E5184892FF95792E14 /* AnimatedImage.swift in Sources */ = {isa = PBXBuildFile; fileRef = 6D363AA85EE80929CBD22274 /* AnimatedImage.swift */; };
		6D7ECB53A65D75E7F0E3414B /* APIClient.swift in Sources */ = {isa = PBXBuildFile; fileRef = 40F948030A2FD8BF2CD424C5 /* APIClient.swift */; };
		7003D68BB53C626647BFCECC /* Branding.swift in Sources */ = {isa = PBXBuildFile; fileRef = 0780AD61735C60774B1592B2 /* Branding.swift */; };
		7238202CB43669B97D905F06 /* PlayerParts.swift in Sources */ = {isa = PBXBuildFile; fileRef = 8103A66EDAE7E56E1679ADE4 /* PlayerParts.swift */; };
		87C63EA3FDD9E59B90752C3D /* Assets.xcassets in Resources */ = {isa = PBXBuildFile; fileRef = 38CD27334B0AF0A815A32AA0 /* Assets.xcassets */; };
		978C28B00866F1E44AC217E0 /* Components.swift in Sources */ = {isa = PBXBuildFile; fileRef = C536726F84951E19A305A779 /* Components.swift */; };
		979F223523C6B73ED4A297C5 /* PlaybackController.swift in Sources */ = {isa = PBXBuildFile; fileRef = D8A3F83E98D312F89DFB3707 /* PlaybackController.swift */; };
		AB4AFDA112DDD8265C07E009 /* PlayerView.swift in Sources */ = {isa = PBXBuildFile; fileRef = B57F8588375923FF95031C1D /* PlayerView.swift */; };
		B32506150A056832A3CF7097 /* AccountView.swift in Sources */ = {isa = PBXBuildFile; fileRef = EFF43404DB901E05D6AB10A9 /* AccountView.swift */; };
		C80D5A201671C0CC4E42367E /* LibraryViews.swift in Sources */ = {isa = PBXBuildFile; fileRef = 00B1FA8D4889CB09F2637A5E /* LibraryViews.swift */; };
/* End PBXBuildFile section */

/* Begin PBXFileReference section */
		00B1FA8D4889CB09F2637A5E /* LibraryViews.swift */ = {isa = PBXFileReference; includeInIndex = 1; lastKnownFileType = sourcecode.swift; path = LibraryViews.swift; sourceTree = "<group>"; };
		049DDE2CF333464ADDEB37AA /* Formatting.swift */ = {isa = PBXFileReference; includeInIndex = 1; lastKnownFileType = sourcecode.swift; path = Formatting.swift; sourceTree = "<group>"; };
		0780AD61735C60774B1592B2 /* Branding.swift */ = {isa = PBXFileReference; includeInIndex = 1; lastKnownFileType = sourcecode.swift; path = Branding.swift; sourceTree = "<group>"; };
		0C048BB145DAA56164CA7251 /* Info.plist */ = {isa = PBXFileReference; includeInIndex = 1; lastKnownFileType = text.plist.xml; path = Info.plist; sourceTree = "<group>"; };
		38CD27334B0AF0A815A32AA0 /* Assets.xcassets */ = {isa = PBXFileReference; includeInIndex = 1; lastKnownFileType = folder.assetcatalog; path = Assets.xcassets; sourceTree = "<group>"; };
		3E6765B53F63BE9918615E6F /* SignInViews.swift */ = {isa = PBXFileReference; includeInIndex = 1; lastKnownFileType = sourcecode.swift; path = SignInViews.swift; sourceTree = "<group>"; };
		40F948030A2FD8BF2CD424C5 /* APIClient.swift */ = {isa = PBXFileReference; includeInIndex = 1; lastKnownFileType = sourcecode.swift; path = APIClient.swift; sourceTree = "<group>"; };
		4C165DDA1E31168AB218C891 /* HomeView.swift */ = {isa = PBXFileReference; includeInIndex = 1; lastKnownFileType = sourcecode.swift; path = HomeView.swift; sourceTree = "<group>"; };
		637320CED1DAB6DA89CCC420 /* Session.swift */ = {isa = PBXFileReference; includeInIndex = 1; lastKnownFileType = sourcecode.swift; path = Session.swift; sourceTree = "<group>"; };
		6D363AA85EE80929CBD22274 /* AnimatedImage.swift */ = {isa = PBXFileReference; includeInIndex = 1; lastKnownFileType = sourcecode.swift; path = AnimatedImage.swift; sourceTree = "<group>"; };
		8103A66EDAE7E56E1679ADE4 /* PlayerParts.swift */ = {isa = PBXFileReference; includeInIndex = 1; lastKnownFileType = sourcecode.swift; path = PlayerParts.swift; sourceTree = "<group>"; };
		9C8BD533883498D078B77B8C /* Streamulus.app */ = {isa = PBXFileReference; explicitFileType = wrapper.application; includeInIndex = 0; path = Streamulus.app; sourceTree = BUILT_PRODUCTS_DIR; };
		A3ACB1FA1671E96D677E258A /* Keychain.swift */ = {isa = PBXFileReference; includeInIndex = 1; lastKnownFileType = sourcecode.swift; path = Keychain.swift; sourceTree = "<group>"; };
		B3CBCDB1678F6E9AC2F9A4FB /* MainTabView.swift */ = {isa = PBXFileReference; includeInIndex = 1; lastKnownFileType = sourcecode.swift; path = MainTabView.swift; sourceTree = "<group>"; };
		B57F8588375923FF95031C1D /* PlayerView.swift */ = {isa = PBXFileReference; includeInIndex = 1; lastKnownFileType = sourcecode.swift; path = PlayerView.swift; sourceTree = "<group>"; };
		C536726F84951E19A305A779 /* Components.swift */ = {isa = PBXFileReference; includeInIndex = 1; lastKnownFileType = sourcecode.swift; path = Components.swift; sourceTree = "<group>"; };
		D8A3F83E98D312F89DFB3707 /* PlaybackController.swift */ = {isa = PBXFileReference; includeInIndex = 1; lastKnownFileType = sourcecode.swift; path = PlaybackController.swift; sourceTree = "<group>"; };
		DB62CB7C61FDC3B963080AC7 /* DetailViews.swift */ = {isa = PBXFileReference; includeInIndex = 1; lastKnownFileType = sourcecode.swift; path = DetailViews.swift; sourceTree = "<group>"; };
		E73BE5842607B51A3589D82E /* Models.swift */ = {isa = PBXFileReference; includeInIndex = 1; lastKnownFileType = sourcecode.swift; path = Models.swift; sourceTree = "<group>"; };
		EC083974378826B858E96E48 /* GenreViews.swift */ = {isa = PBXFileReference; includeInIndex = 1; lastKnownFileType = sourcecode.swift; path = GenreViews.swift; sourceTree = "<group>"; };
		ED34588CB36025DACC10C7F8 /* StreamulusApp.swift */ = {isa = PBXFileReference; includeInIndex = 1; lastKnownFileType = sourcecode.swift; path = StreamulusApp.swift; sourceTree = "<group>"; };
		EFF43404DB901E05D6AB10A9 /* AccountView.swift */ = {isa = PBXFileReference; includeInIndex = 1; lastKnownFileType = sourcecode.swift; path = AccountView.swift; sourceTree = "<group>"; };
/* End PBXFileReference section */

/* Begin PBXFrameworksBuildPhase section */
		8C3DC1FA0ACFBDA760A0E531 /* Frameworks */ = {
			isa = PBXFrameworksBuildPhase;
			buildActionMask = 2147483647;
			files = (
			);
			runOnlyForDeploymentPostprocessing = 0;
		};
/* End PBXFrameworksBuildPhase section */

/* Begin PBXGroup section */
		15E72CF82174EB4792614423 /* Products */ = {
			isa = PBXGroup;
			children = (
				9C8BD533883498D078B77B8C /* Streamulus.app */,
			);
			name = Products;
			sourceTree = "<group>";
		};
		4280A03B8BD793D35A106EFF /* Shared */ = {
			isa = PBXGroup;
			children = (
				40F948030A2FD8BF2CD424C5 /* APIClient.swift */,
				6D363AA85EE80929CBD22274 /* AnimatedImage.swift */,
				0780AD61735C60774B1592B2 /* Branding.swift */,
				049DDE2CF333464ADDEB37AA /* Formatting.swift */,
				A3ACB1FA1671E96D677E258A /* Keychain.swift */,
				E73BE5842607B51A3589D82E /* Models.swift */,
				D8A3F83E98D312F89DFB3707 /* PlaybackController.swift */,
				8103A66EDAE7E56E1679ADE4 /* PlayerParts.swift */,
				637320CED1DAB6DA89CCC420 /* Session.swift */,
			);
			name = Shared;
			path = Shared;
			sourceTree = "<group>";
		};
		4F51E3DD1AF8707AE2A3F7CA /* Frameworks */ = {
			isa = PBXGroup;
			children = (
				9276CAA7397F7E05154EB99B /* iOS */,
			);
			name = Frameworks;
			sourceTree = "<group>";
		};
		76DE24F755509775CC338849 /* App */ = {
			isa = PBXGroup;
			children = (
				ED34588CB36025DACC10C7F8 /* StreamulusApp.swift */,
			);
			name = App;
			path = App;
			sourceTree = "<group>";
		};
		7C7D3B2E784474E7EB8E174B = {
			isa = PBXGroup;
			children = (
				15E72CF82174EB4792614423 /* Products */,
				4F51E3DD1AF8707AE2A3F7CA /* Frameworks */,
				889C19ACD2DFE77A4B1693E4 /* Streamulus */,
			);
			sourceTree = "<group>";
		};
		889C19ACD2DFE77A4B1693E4 /* Streamulus */ = {
			isa = PBXGroup;
			children = (
				76DE24F755509775CC338849 /* App */,
				38CD27334B0AF0A815A32AA0 /* Assets.xcassets */,
				0C048BB145DAA56164CA7251 /* Info.plist */,
				A84ABEAF268A870C3849406A /* Player */,
				4280A03B8BD793D35A106EFF /* Shared */,
				B5A2C8B63CA8C929311A0F48 /* Views */,
			);
			name = Streamulus;
			path = Streamulus;
			sourceTree = "<group>";
		};
		9276CAA7397F7E05154EB99B /* iOS */ = {
			isa = PBXGroup;
			children = (
			);
			name = iOS;
			sourceTree = "<group>";
		};
		A84ABEAF268A870C3849406A /* Player */ = {
			isa = PBXGroup;
			children = (
				B57F8588375923FF95031C1D /* PlayerView.swift */,
			);
			name = Player;
			path = Player;
			sourceTree = "<group>";
		};
		B5A2C8B63CA8C929311A0F48 /* Views */ = {
			isa = PBXGroup;
			children = (
				EFF43404DB901E05D6AB10A9 /* AccountView.swift */,
				C536726F84951E19A305A779 /* Components.swift */,
				DB62CB7C61FDC3B963080AC7 /* DetailViews.swift */,
				EC083974378826B858E96E48 /* GenreViews.swift */,
				4C165DDA1E31168AB218C891 /* HomeView.swift */,
				00B1FA8D4889CB09F2637A5E /* LibraryViews.swift */,
				B3CBCDB1678F6E9AC2F9A4FB /* MainTabView.swift */,
				3E6765B53F63BE9918615E6F /* SignInViews.swift */,
			);
			name = Views;
			path = Views;
			sourceTree = "<group>";
		};
/* End PBXGroup section */

/* Begin PBXNativeTarget section */
		E793136E578A0ADA96F5058F /* Streamulus */ = {
			isa = PBXNativeTarget;
			buildConfigurationList = FE2001BFB729EC538E3A209D /* Build configuration list for PBXNativeTarget "Streamulus" */;
			buildPhases = (
				A5D3BFB4EA9F9D169F4B3FD4 /* Sources */,
				8C3DC1FA0ACFBDA760A0E531 /* Frameworks */,
				89126A172ADFFBBF8A920F51 /* Resources */,
			);
			buildRules = (
			);
			dependencies = (
			);
			name = Streamulus;
			productName = Streamulus;
			productReference = 9C8BD533883498D078B77B8C /* Streamulus.app */;
			productType = "com.apple.product-type.application";
		};
/* End PBXNativeTarget section */

/* Begin PBXProject section */
		1D0E41F3684276AF6EA14204 /* Project object */ = {
			isa = PBXProject;
			attributes = {
				BuildIndependentTargetsInParallel = YES;
				LastSwiftUpdateCheck = 1600;
				LastUpgradeCheck = 2600;
			};
			buildConfigurationList = A2CA7BCAF9E9748054EEF45D /* Build configuration list for PBXProject "Streamulus" */;
			compatibilityVersion = "Xcode 3.2";
			developmentRegion = en;
			hasScannedForEncodings = 0;
			knownRegions = (
				en,
				Base,
			);
			mainGroup = 7C7D3B2E784474E7EB8E174B;
			minimizedProjectReferenceProxies = 0;
			preferredProjectObjectVersion = 100;
			productRefGroup = 15E72CF82174EB4792614423 /* Products */;
			projectDirPath = "";
			projectRoot = "";
			targets = (
				E793136E578A0ADA96F5058F /* Streamulus */,
			);
		};
/* End PBXProject section */

/* Begin PBXResourcesBuildPhase section */
		89126A172ADFFBBF8A920F51 /* Resources */ = {
			isa = PBXResourcesBuildPhase;
			buildActionMask = 2147483647;
			files = (
				87C63EA3FDD9E59B90752C3D /* Assets.xcassets in Resources */,
			);
			runOnlyForDeploymentPostprocessing = 0;
		};
/* End PBXResourcesBuildPhase section */

/* Begin PBXSourcesBuildPhase section */
		A5D3BFB4EA9F9D169F4B3FD4 /* Sources */ = {
			isa = PBXSourcesBuildPhase;
			buildActionMask = 2147483647;
			files = (
				41F3E0F79F948E65BA4EABBD /* StreamulusApp.swift in Sources */,
				AB4AFDA112DDD8265C07E009 /* PlayerView.swift in Sources */,
				6D7ECB53A65D75E7F0E3414B /* APIClient.swift in Sources */,
				6C78E7E5184892FF95792E14 /* AnimatedImage.swift in Sources */,
				7003D68BB53C626647BFCECC /* Branding.swift in Sources */,
				1D497111FCC669629B16F1CE /* Formatting.swift in Sources */,
				569FC06A359DECDA16EFE8B0 /* Keychain.swift in Sources */,
				52E6846BF2927B089AED5B37 /* Models.swift in Sources */,
				979F223523C6B73ED4A297C5 /* PlaybackController.swift in Sources */,
				7238202CB43669B97D905F06 /* PlayerParts.swift in Sources */,
				25D7F856AFC6E327F961B941 /* Session.swift in Sources */,
				B32506150A056832A3CF7097 /* AccountView.swift in Sources */,
				978C28B00866F1E44AC217E0 /* Components.swift in Sources */,
				61E79238A8629ABB262BD5E9 /* DetailViews.swift in Sources */,
				53571D94C141D1C0D7E6F47F /* GenreViews.swift in Sources */,
				1D37CFCAC8666B93F353F97A /* HomeView.swift in Sources */,
				C80D5A201671C0CC4E42367E /* LibraryViews.swift in Sources */,
				5D2B1627AD20D612E8C3D91F /* MainTabView.swift in Sources */,
				59D4409E9A454F980750C062 /* SignInViews.swift in Sources */,
			);
			runOnlyForDeploymentPostprocessing = 0;
		};
/* End PBXSourcesBuildPhase section */

/* Begin XCBuildConfiguration section */
		6513B0ECB4B88DAADEBA7506 /* Debug */ = {
			isa = XCBuildConfiguration;
			buildSettings = {
				ASSETCATALOG_COMPILER_APPICON_NAME = AppIcon;
				ASSETCATALOG_COMPILER_GLOBAL_ACCENT_COLOR_NAME = AccentColor;
				CLANG_ENABLE_OBJC_WEAK = NO;
				CODE_SIGN_STYLE = Automatic;
				CURRENT_PROJECT_VERSION = 1;
				DEVELOPMENT_TEAM = "";
				ENABLE_PREVIEWS = YES;
				GENERATE_INFOPLIST_FILE = YES;
				INFOPLIST_FILE = Streamulus/Info.plist;
				INFOPLIST_KEY_CFBundleDisplayName = Streamulus;
				INFOPLIST_KEY_UIApplicationSupportsIndirectInputEvents = YES;
				INFOPLIST_KEY_UIUserInterfaceStyle = Dark;
				IPHONEOS_DEPLOYMENT_TARGET = 26.0;
				LD_RUNPATH_SEARCH_PATHS = "$(inherited) @executable_path/Frameworks";
				MARKETING_VERSION = 1.0;
				PRODUCT_BUNDLE_IDENTIFIER = com.streamulus.ios;
				PRODUCT_NAME = "$(TARGET_NAME)";
				SDKROOT = iphoneos;
				SUPPORTS_MACCATALYST = NO;
				SWIFT_EMIT_LOC_STRINGS = YES;
				SWIFT_STRICT_CONCURRENCY = minimal;
				SWIFT_VERSION = 5.0;
				TARGETED_DEVICE_FAMILY = "1,2";
			};
			name = Debug;
		};
		A3F748034C4E7065CBD14DEB /* Release */ = {
			isa = XCBuildConfiguration;
			buildSettings = {
				ALWAYS_SEARCH_USER_PATHS = NO;
				CLANG_ANALYZER_NONNULL = YES;
				CLANG_ANALYZER_NUMBER_OBJECT_CONVERSION = YES_AGGRESSIVE;
				CLANG_CXX_LANGUAGE_STANDARD = "gnu++14";
				CLANG_CXX_LIBRARY = "libc++";
				CLANG_ENABLE_MODULES = YES;
				CLANG_ENABLE_OBJC_ARC = YES;
				CLANG_ENABLE_OBJC_WEAK = YES;
				CLANG_WARN_BLOCK_CAPTURE_AUTORELEASING = YES;
				CLANG_WARN_BOOL_CONVERSION = YES;
				CLANG_WARN_COMMA = YES;
				CLANG_WARN_CONSTANT_CONVERSION = YES;
				CLANG_WARN_DEPRECATED_OBJC_IMPLEMENTATIONS = YES;
				CLANG_WARN_DIRECT_OBJC_ISA_USAGE = YES_ERROR;
				CLANG_WARN_DOCUMENTATION_COMMENTS = YES;
				CLANG_WARN_EMPTY_BODY = YES;
				CLANG_WARN_ENUM_CONVERSION = YES;
				CLANG_WARN_INFINITE_RECURSION = YES;
				CLANG_WARN_INT_CONVERSION = YES;
				CLANG_WARN_NON_LITERAL_NULL_CONVERSION = YES;
				CLANG_WARN_OBJC_IMPLICIT_RETAIN_SELF = YES;
				CLANG_WARN_OBJC_LITERAL_CONVERSION = YES;
				CLANG_WARN_OBJC_ROOT_CLASS = YES_ERROR;
				CLANG_WARN_QUOTED_INCLUDE_IN_FRAMEWORK_HEADER = YES;
				CLANG_WARN_RANGE_LOOP_ANALYSIS = YES;
				CLANG_WARN_STRICT_PROTOTYPES = YES;
				CLANG_WARN_SUSPICIOUS_MOVE = YES;
				CLANG_WARN_UNGUARDED_AVAILABILITY = YES_AGGRESSIVE;
				CLANG_WARN_UNREACHABLE_CODE = YES;
				CLANG_WARN__DUPLICATE_METHOD_MATCH = YES;
				COPY_PHASE_STRIP = NO;
				DEBUG_INFORMATION_FORMAT = "dwarf-with-dsym";
				ENABLE_NS_ASSERTIONS = NO;
				ENABLE_STRICT_OBJC_MSGSEND = YES;
				GCC_C_LANGUAGE_STANDARD = gnu11;
				GCC_NO_COMMON_BLOCKS = YES;
				GCC_WARN_64_TO_32_BIT_CONVERSION = YES;
				GCC_WARN_ABOUT_RETURN_TYPE = YES_ERROR;
				GCC_WARN_UNDECLARED_SELECTOR = YES;
				GCC_WARN_UNINITIALIZED_AUTOS = YES_AGGRESSIVE;
				GCC_WARN_UNUSED_FUNCTION = YES;
				GCC_WARN_UNUSED_VARIABLE = YES;
				IPHONEOS_DEPLOYMENT_TARGET = 26.0;
				MTL_ENABLE_DEBUG_INFO = NO;
				MTL_FAST_MATH = YES;
				PRODUCT_NAME = "$(TARGET_NAME)";
				SDKROOT = iphoneos;
				SWIFT_COMPILATION_MODE = wholemodule;
				SWIFT_OPTIMIZATION_LEVEL = "-O";
				SWIFT_VERSION = 5.0;
			};
			name = Release;
		};
		AC35985633EB3CC2FACF4A94 /* Release */ = {
			isa = XCBuildConfiguration;
			buildSettings = {
				ASSETCATALOG_COMPILER_APPICON_NAME = AppIcon;
				ASSETCATALOG_COMPILER_GLOBAL_ACCENT_COLOR_NAME = AccentColor;
				CLANG_ENABLE_OBJC_WEAK = NO;
				CODE_SIGN_STYLE = Automatic;
				CURRENT_PROJECT_VERSION = 1;
				DEVELOPMENT_TEAM = "";
				ENABLE_PREVIEWS = YES;
				GENERATE_INFOPLIST_FILE = YES;
				INFOPLIST_FILE = Streamulus/Info.plist;
				INFOPLIST_KEY_CFBundleDisplayName = Streamulus;
				INFOPLIST_KEY_UIApplicationSupportsIndirectInputEvents = YES;
				INFOPLIST_KEY_UIUserInterfaceStyle = Dark;
				IPHONEOS_DEPLOYMENT_TARGET = 26.0;
				LD_RUNPATH_SEARCH_PATHS = "$(inherited) @executable_path/Frameworks";
				MARKETING_VERSION = 1.0;
				PRODUCT_BUNDLE_IDENTIFIER = com.streamulus.ios;
				PRODUCT_NAME = "$(TARGET_NAME)";
				SDKROOT = iphoneos;
				SUPPORTS_MACCATALYST = NO;
				SWIFT_EMIT_LOC_STRINGS = YES;
				SWIFT_STRICT_CONCURRENCY = minimal;
				SWIFT_VERSION = 5.0;
				TARGETED_DEVICE_FAMILY = "1,2";
				VALIDATE_PRODUCT = YES;
			};
			name = Release;
		};
		E93BD64DDFD9390CF17E46F6 /* Debug */ = {
			isa = XCBuildConfiguration;
			buildSettings = {
				ALWAYS_SEARCH_USER_PATHS = NO;
				CLANG_ANALYZER_NONNULL = YES;
				CLANG_ANALYZER_NUMBER_OBJECT_CONVERSION = YES_AGGRESSIVE;
				CLANG_CXX_LANGUAGE_STANDARD = "gnu++14";
				CLANG_CXX_LIBRARY = "libc++";
				CLANG_ENABLE_MODULES = YES;
				CLANG_ENABLE_OBJC_ARC = YES;
				CLANG_ENABLE_OBJC_WEAK = YES;
				CLANG_WARN_BLOCK_CAPTURE_AUTORELEASING = YES;
				CLANG_WARN_BOOL_CONVERSION = YES;
				CLANG_WARN_COMMA = YES;
				CLANG_WARN_CONSTANT_CONVERSION = YES;
				CLANG_WARN_DEPRECATED_OBJC_IMPLEMENTATIONS = YES;
				CLANG_WARN_DIRECT_OBJC_ISA_USAGE = YES_ERROR;
				CLANG_WARN_DOCUMENTATION_COMMENTS = YES;
				CLANG_WARN_EMPTY_BODY = YES;
				CLANG_WARN_ENUM_CONVERSION = YES;
				CLANG_WARN_INFINITE_RECURSION = YES;
				CLANG_WARN_INT_CONVERSION = YES;
				CLANG_WARN_NON_LITERAL_NULL_CONVERSION = YES;
				CLANG_WARN_OBJC_IMPLICIT_RETAIN_SELF = YES;
				CLANG_WARN_OBJC_LITERAL_CONVERSION = YES;
				CLANG_WARN_OBJC_ROOT_CLASS = YES_ERROR;
				CLANG_WARN_QUOTED_INCLUDE_IN_FRAMEWORK_HEADER = YES;
				CLANG_WARN_RANGE_LOOP_ANALYSIS = YES;
				CLANG_WARN_STRICT_PROTOTYPES = YES;
				CLANG_WARN_SUSPICIOUS_MOVE = YES;
				CLANG_WARN_UNGUARDED_AVAILABILITY = YES_AGGRESSIVE;
				CLANG_WARN_UNREACHABLE_CODE = YES;
				CLANG_WARN__DUPLICATE_METHOD_MATCH = YES;
				COPY_PHASE_STRIP = NO;
				DEBUG_INFORMATION_FORMAT = dwarf;
				ENABLE_STRICT_OBJC_MSGSEND = YES;
				ENABLE_TESTABILITY = YES;
				GCC_C_LANGUAGE_STANDARD = gnu11;
				GCC_DYNAMIC_NO_PIC = NO;
				GCC_NO_COMMON_BLOCKS = YES;
				GCC_OPTIMIZATION_LEVEL = 0;
				GCC_PREPROCESSOR_DEFINITIONS = (
					"DEBUG=1",
					"$(inherited)",
				);
				GCC_WARN_64_TO_32_BIT_CONVERSION = YES;
				GCC_WARN_ABOUT_RETURN_TYPE = YES_ERROR;
				GCC_WARN_UNDECLARED_SELECTOR = YES;
				GCC_WARN_UNINITIALIZED_AUTOS = YES_AGGRESSIVE;
				GCC_WARN_UNUSED_FUNCTION = YES;
				GCC_WARN_UNUSED_VARIABLE = YES;
				IPHONEOS_DEPLOYMENT_TARGET = 26.0;
				MTL_ENABLE_DEBUG_INFO = INCLUDE_SOURCE;
				MTL_FAST_MATH = YES;
				ONLY_ACTIVE_ARCH = YES;
				PRODUCT_NAME = "$(TARGET_NAME)";
				SDKROOT = iphoneos;
				SWIFT_ACTIVE_COMPILATION_CONDITIONS = DEBUG;
				SWIFT_OPTIMIZATION_LEVEL = "-Onone";
				SWIFT_VERSION = 5.0;
			};
			name = Debug;
		};
/* End XCBuildConfiguration section */

/* Begin XCConfigurationList section */
		A2CA7BCAF9E9748054EEF45D /* Build configuration list for PBXProject "Streamulus" */ = {
			isa = XCConfigurationList;
			buildConfigurations = (
				E93BD64DDFD9390CF17E46F6 /* Debug */,
				A3F748034C4E7065CBD14DEB /* Release */,
			);
			defaultConfigurationIsVisible = 0;
			defaultConfigurationName = Release;
		};
		FE2001BFB729EC538E3A209D /* Build configuration list for PBXNativeTarget "Streamulus" */ = {
			isa = XCConfigurationList;
			buildConfigurations = (
				AC35985633EB3CC2FACF4A94 /* Release */,
				6513B0ECB4B88DAADEBA7506 /* Debug */,
			);
			defaultConfigurationIsVisible = 0;
			defaultConfigurationName = Release;
		};
/* End XCConfigurationList section */
	};
	rootObject = 1D0E41F3684276AF6EA14204 /* Project object */;
}
